{
  "name": "swiftdrop-frontend",
  "version": "1.0.0",
  "lockfileVersion": 3,
  "requires": true,
  "packages": {
    "": {
      "name": "swiftdrop-frontend",
      "version": "1.0.0",
      "dependencies": {
        "@google/genai": "^1.28.0",
        "firebase": "^10.12.2",
        "lodash": "^4.17.21",
        "react": "^18.2.0",
        "react-dom": "^18.2.0",
        "socket.io-client": "^4.7.5"
      },
      "devDependencies": {
        "@types/lodash": "^4.17.0",
        "@types/react": "^18.2.0",
        "@types/react-dom": "^18.2.0",
        "@vitejs/plugin-react": "^4.2.1",
        "autoprefixer": "^10.4.19",
        "postcss": "^8.4.38",
        "tailwindcss": "^3.4.3",
        "typescript": "^5.2.2",
        "vite": "^5.2.0"
      }
    },
    "node_modules/@babel/runtime": {
      "version": "7.24.7",
      "resolved": "https://registry.npmjs.org/@babel/runtime/-/runtime-7.24.7.tgz",
      "integrity": "sha512-Uux68N+p2lMe8TwKx+ySjD8F7S0B2E4vy+b23GPHLz41v82nsN36yP/2P8kEa8x+Wst86aV67m3jdf5I47vlw==",
      "dev": true,
      "dependencies": {
        "regenerator-runtime": "^0.14.0"
      },
      "engines": {
        "node": ">=6.9.0"
      }
    },
    "node_modules/@firebase/app": {
      "version": "0.10.5",
      "resolved": "https://registry.npmjs.org/@firebase/app/-/app-0.10.5.tgz",
      "integrity": "sha512-4C935X2s36g2DaY3s2444ot43UxR8AagFvMna33ENtK4qrT8yos2yhmL2fL5mA0p2s4S634djjOVY80Tj5sPSg==",
      "dependencies": {
        "@firebase/component": "0.6.11",
        "@firebase/logger": "0.4.2",
        "@firebase/util": "1.9.5",
        "tslib": "^2.1.0"
      }
    },
    "node_modules/@firebase/app-compat": {
      "version": "0.2.24",
      "resolved": "https://registry.npmjs.org/@firebase/app-compat/-/app-compat-0.2.24.tgz",
      "integrity": "sha512-bF1/TxfTrc+KOhrc7hPj795RvPgrc33PQRf2M13CSNjpWz9EcY2a9lDLP32b/63kU2yA1T80gdwG+S1o+vT9rA==",
      "dependencies": {
        "@firebase/app": "0.10.5",
        "@firebase/component": "0.6.11",
        "@firebase/util": "1.9.5",
        "tslib": "^2.1.0"
      }
    },
    "node_modules/@firebase/app-types": {
      "version": "0.9.1",
      "resolved": "https://registry.npmjs.org/@firebase/app-types/-/app-types-0.9.1.tgz",
      "integrity": "sha512-3y74n0sl8h8xk35sHMP8cxQ9X1dT523vnp6r9QcGp4s2iTf3s3MP2QV5p42u6YhtSPVbV1kS5IX8zNEp0s5e9g==",
      "dependencies": {
        "tslib": "^2.1.0"
      }
    },
    "node_modules/@firebase/auth": {
      "version": "1.7.2",
      "resolved": "https://registry.npmjs.org/@firebase/auth/-/auth-1.7.2.tgz",
      "integrity": "sha512-0X4z0dD32sV6yW3P5PlJ6e49Ex+c2j/JgB22CjGoLh1336a5X/kXyWreZ56sc6As6xO3v9XhT/41yFfX6Lh0g==",
      "dependencies": {
        "@firebase/app-types": "0.9.1",
        "@firebase/logger": "0.4.2",
        "@firebase/util": "1.9.5",
        "tslib": "^2.1.0"
      }
    },
    "node_modules/@firebase/auth-compat": {
      "version": "1.7.2",
      "resolved": "https://registry.npmjs.org/@firebase/auth-compat/-/auth-compat-1.7.2.tgz",
      "integrity": "sha512-rFzH4zH/r/q6bQ68yCMAsf1s+LhN5S55h32Dk4uPq7x1e2L5HjFpGq2+52Qo8tK7k+WvLqSgG6K6n2oG7lA==",
      "dependencies": {
        "@firebase/app-compat": "0.2.24",
        "@firebase/auth": "1.7.2",
        "@firebase/component": "0.6.11",
        "tslib": "^2.1.0"
      }
    },
    "node_modules/@firebase/component": {
      "version": "0.6.11",
      "resolved": "https://registry.npmjs.org/@firebase/component/-/component-0.6.11.tgz",
      "integrity": "sha512-crJqgW+1nGe55A83VT3gRLmGzC8c2o541pv2oB0z8J0wF0n/51dOq+Msl9x5mRI68t9e8ghq4a/IsQWJhPYzQ==",
      "dependencies": {
        "@firebase/util": "1.9.5",
        "tslib": "^2.1.0"
      }
    },
    "node_modules/@firebase/database": {
      "version": "1.0.5",
      "resolved": "https://registry.npmjs.org/@firebase/database/-/database-1.0.5.tgz",
      "integrity": "sha512-V2L86W4/lQJbH2Lp/2b3wR8zOpoR8n80fAFs7M9t9L6vJkYIHuqfEhtJ+V8L56iX2C8wK000D4aO8L5VqR2eQ==",
      "dependencies": {
        "@firebase/app-types": "0.9.1",
        "@firebase/component": "0.6.11",
        "@firebase/logger": "0.4.2",
        "@firebase/util": "1.9.5",
        "faye-websocket": "0.11.4",
        "tslib": "^2.1.0"
      }
    },
    "node_modules/@firebase/database-compat": {
      "version": "1.0.5",
      "resolved": "https://registry.npmjs.org/@firebase/database-compat/-/database-compat-1.0.5.tgz",
      "integrity": "sha512-gSjW/8j0nCtt8v4g6tYV3a1l2Mh5h9dO6r/M2X2pUeNVE6w3w7g2e9kQ+R192hU4nLdJt5WJg0Q52L/kQ==",
      "dependencies": {
        "@firebase/app-compat": "0.2.24",
        "@firebase/database": "1.0.5",
        "@firebase/util": "1.9.5",
        "tslib": "^2.1.0"
      }
    },
    "node_modules/@firebase/firestore": {
      "version": "4.6.1",
      "resolved": "https://registry.npmjs.org/@firebase/firestore/-/firestore-4.6.1.tgz",
      "integrity": "sha512-4C1084Q4LAz2y8v++p+1s38d2fXw7c8S/5W0149q05f9jS+Gg47WIAvJvT2yX2b0oJIsL+A058OQQ==",
      "dependencies": {
        "@firebase/component": "0.6.11",
        "@firebase/logger": "0.4.2",
        "@firebase/util": "1.9.5",
        "tslib": "^2.1.0"
      }
    },
    "node_modules/@firebase/firestore-compat": {
      "version": "4.6.1",
      "resolved": "https://registry.npmjs.org/@firebase/firestore-compat/-/firestore-compat-4.6.1.tgz",
      "integrity": "sha512-2nF/F8nKLSj51e7q3uJ5T2k+1P/T5d1nO5G58vJq3b/7yO49+1i6L5Uf2kL2lR/zR1w28uL4uH4cVA==",
      "dependencies": {
        "@firebase/app-compat": "0.2.24",
        "@firebase/firestore": "4.6.1",
        "tslib": "^2.1.0"
      }
    },
    "node_modules/@firebase/functions": {
      "version": "0.10.5",
      "resolved": "https://registry.npmjs.org/@firebase/functions/-/functions-0.10.5.tgz",
      "integrity": "sha512-N83+iK/jH3lG2P0tO0Q6U0X37G3nU8hYpBax1z42m60t3YI8qK6D1Wj5G1gJzU0J9pW4xS4vJ1n8954+Q==",
      "dependencies": {
        "@firebase/app-types": "0.9.1",
        "@firebase/component": "0.6.11",
        "@firebase/installations-types": "0.6.1",
        "@firebase/messaging-interop-types": "0.1.2",
        "@firebase/util": "1.9.5",
        "tslib": "^2.1.0"
      }
    },
    "node_modules/@firebase/functions-compat": {
      "version": "0.7.5",
      "resolved": "https://registry.npmjs.org/@firebase/functions-compat/-/functions-compat-0.7.5.tgz",
      "integrity": "sha512-9qW9V41N3X2M8qY9B1o0S479E530s9vO8lGf5l/05R0y6x4f+Dnl/tHn08r10M74Y6r53XlE2hI1Q==",
      "dependencies": {
        "@firebase/app-compat": "0.2.24",
        "@firebase/functions": "0.10.5",
        "tslib": "^2.1.0"
      }
    },
    "node_modules/@firebase/installations": {
      "version": "0.6.9",
      "resolved": "https://registry.npmjs.org/@firebase/installations/-/installations-0.6.9.tgz",
      "integrity": "sha512-n2p7QO035xXm3/x1xN9iV50LNEwP6h5+4f134S622wAIsy/CwJ3BBRYm2e185Nl/kLLTKSf+u6b3/kGIt2Q52A==",
      "dependencies": {
        "@firebase/component": "0.6.11",
        "@firebase/logger": "0.4.2",
        "@firebase/util": "1.9.5",
        "tslib": "^2.1.0"
      }
    },
    "node_modules/@firebase/installations-types": {
      "version": "0.6.1",
      "resolved": "https://registry.npmjs.org/@firebase/installations-types/-/installations-types-0.6.1.tgz",
      "integrity": "sha512-of4pXreqwCsQinskiqGGGuSPiMLsY7Im2IylLz6S9soh3bpQn/Ppo0e3CHzC+Bf1nB5X45lV/J2s73Kx4rLUb0g==",
      "dependencies": {
        "@firebase/app-types": "0.9.1",
        "tslib": "^2.1.0"
      }
    },
    "node_modules/@firebase/logger": {
      "version": "0.4.2",
      "resolved": "https://registry.npmjs.org/@firebase/logger/-/logger-0.4.2.tgz",
      "integrity": "sha512-e56j7s03qg/FEJjLp4UOPWx3Uj2w2pQaNN09hQk2Lg0S2q3/p62tPQc7Q3q5iLbpG4Q3o9Ty1+Tgoe50/X51zQ==",
      "dependencies": {
        "tslib": "^2.1.0"
      }
    },
    "node_modules/@firebase/messaging": {
      "version": "0.12.8",
      "resolved": "https://registry.npmjs.org/@firebase/messaging/-/messaging-0.12.8.tgz",
      "integrity": "sha512-T33rVwVqNn3oA1/B39EwgI4+rJjR9fN6t1t+pC9m+g3/aM2tG2vHwV2I7m7f/7Wq9q+L/1/w36Fq/Ww9A==",
      "dependencies": {
        "@firebase/component": "0.6.11",
        "@firebase/installations": "0.6.9",
        "@firebase/util": "1.9.5",
        "idb": "7.1.1",
        "tslib": "^2.1.0"
      }
    },
    "node_modules/@firebase/messaging-compat": {
      "version": "0.1.23",
      "resolved": "https://registry.npmjs.org/@firebase/messaging-compat/-/messaging-compat-0.1.23.tgz",
      "integrity": "sha512-tP4u6h28A1nF70f7N8Mh2w4J5+zXUv+Pq5Jq3oYy+Gf64B6g5p8N6f5a11vQ2T5jR/S2g4T3v1x8g==",
      "dependencies": {
        "@firebase/app-compat": "0.2.24",
        "@firebase/component": "0.6.11",
        "@firebase/messaging": "0.12.8",
        "tslib": "^2.1.0"
      }
    },
    "node_modules/@firebase/messaging-interop-types": {
      "version": "0.1.2",
      "resolved": "https://registry.npmjs.org/@firebase/messaging-interop-types/-/messaging-interop-types-0.1.2.tgz",
      "integrity": "sha512-5O7OmmS7P/whLz58A38kR2GgqgQ+wHPM2vYvXUeAyq0G/U/0dDt4yYlP5XQoBD4A4dJbAac7l0V4f4QcAGhPAA==",
      "dependencies": {
        "tslib": "^2.1.0"
      }
    },
    "node_modules/@firebase/performance": {
      "version": "0.6.9",
      "resolved": "https://registry.npmjs.org/@firebase/performance/-/performance-0.6.9.tgz",
      "integrity": "sha512-jJt3KqT2w+fB1RjK+L/b3F3Xl2b1l+3W3N58m8X2zY/jVfI+1bS8P+L1V9e95z/lA1/l7n47kY3jXv1w==",
      "dependencies": {
        "@firebase/component": "0.6.11",
        "@firebase/installations": "0.6.9",
        "@firebase/logger": "0.4.2",
        "@firebase/util": "1.9.5",
        "tslib": "^2.1.0"
      }
    },
    "node_modules/@firebase/performance-compat": {
      "version": "0.2.9",
      "resolved": "https://registry.npmjs.org/@firebase/performance-compat/-/performance-compat-0.2.9.tgz",
      "integrity": "sha512-uG/pQxQ55G19YcbsT+B3Q9n1gHlG4+2d77U4SgG3YnS5Yx9S1lHjW8V83tK7lq529B9g+l2U0tYlE30KA==",
      "dependencies": {
        "@firebase/app-compat": "0.2.24",
        "@firebase/component": "0.6.11",
        "@firebase/performance": "0.6.9",
        "tslib": "^2.1.0"
      }
    },
    "node_modules/@firebase/remote-config": {
      "version": "0.4.9",
      "resolved": "https://registry.npmjs.org/@firebase/remote-config/-/remote-config-0.4.9.tgz",
      "integrity": "sha512-2B/w9O+97yU0uVbA/Ssg+7nK+X8X7uM/l5r5W58+G8L/+X63y1YtW05Cj+5s9z43e49Vj0F5Tj3E1K6yA==",
      "dependencies": {
        "@firebase/component": "0.6.11",
        "@firebase/installations": "0.6.9",
        "@firebase/logger": "0.4.2",
        "@firebase/util": "1.9.5",
        "idb": "7.1.1",
        "tslib": "^2.1.0"
      }
    },
    "node_modules/@firebase/remote-config-compat": {
      "version": "0.2.9",
      "resolved": "https://registry.npmjs.org/@firebase/remote-config-compat/-/remote-config-compat-0.2.9.tgz",
      "integrity": "sha512-L+1r2o1cT+6e2tO/sC7tC01g7J4K9hBfB+D6gJgQ8I/wD6Q4fX/8f09d0z2k8o7D0x69t5hP/s45V/s9A==",
      "dependencies": {
        "@firebase/app-compat": "0.2.24",
        "@firebase/component": "0.6.11",
        "@firebase/remote-config": "0.4.9",
        "tslib": "^2.1.0"
      }
    },
    "node_modules/@firebase/storage": {
      "version": "0.12.5",
      "resolved": "https://registry.npmjs.org/@firebase/storage/-/storage-0.12.5.tgz",
      "integrity": "sha512-5iVfM+vAORiT9bW+26kAdT2K+XN335f6Yd21B/4kws+c/rB2O/1aKffb3+vYmP/S/8b/4R5p/eYq7d1iYQ==",
      "dependencies": {
        "@firebase/app-types": "0.9.1",
        "@firebase/component": "0.6.11",
        "@firebase/logger": "0.4.2",
        "@firebase/util": "1.9.5",
        "tslib": "^2.1.0"
      }
    },
    "node_modules/@firebase/storage-compat": {
      "version": "0.2.24",
      "resolved": "https://registry.npmjs.org/@firebase/storage-compat/-/storage-compat-0.2.24.tgz",
      "integrity": "sha512-uGzYQc0VwO3Gv3J9/j8yT7A6SgA7j290U8h+F5E0uM8gL2mXnCgA9B5c2y0sF6T3q/e1w5Xp/i/t59wQ==",
      "dependencies": {
        "@firebase/app-compat": "0.2.24",
        "@firebase/storage": "0.12.5",
        "tslib": "^2.1.0"
      }
    },
    "node_modules/@firebase/util": {
      "version": "1.9.5",
      "resolved": "https://registry.npmjs.org/@firebase/util/-/util-1.9.5.tgz",
      "integrity": "sha512-y2fa3pNN0/K6AAb1sB5z31W1Wl333d4dmvtpvC0h+2RvSPzMA3R5jE5eT54zD9uag561jQ8ao8f1j4R5ag5uWw==",
      "dependencies": {
        "tslib": "^2.1.0"
      }
    },
    "node_modules/@google/genai": {
      "version": "1.28.0",
      "resolved": "https://registry.npmjs.org/@google/genai/-/genai-1.28.0.tgz",
      "integrity": "sha512-YmB11lYc7fL3J8g2uYvM7S7Y8Wv0h6mY/Q6b7Z7l0m5c8f8d2b9a7f3e8b0f9f3f3e2e0e4b7c6c4w==",
      "dependencies": {
        "cross-fetch": "^3.1.5"
      }
    },
    "node_modules/@socket.io/component-emitter": {
      "version": "3.1.0",
      "resolved": "https://registry.npmjs.org/@socket.io/component-emitter/-/component-emitter-3.1.0.tgz",
      "integrity": "sha512-c/4k3gSumWz2V0vr34t33b2bW3PyiGj32mKo2e329rv1kAzq4bAn3i3pPGsQ/0HySVB1/TCA2z24D8PD851L4g==",
      "engines": {
        "node": ">=10.0.0"
      }
    },
    "node_modules/@types/lodash": {
      "version": "4.17.5",
      "resolved": "https://registry.npmjs.org/@types/lodash/-/lodash-4.17.5.tgz",
      "integrity": "sha512-fR32kT3fJm8eq7Afk67b2O21q6J2sSt27j1H5b42u73O72fPG0IVa4N2F+T/8D+sJd6Q6Nb710AF/kE49t3Gmg==",
      "dev": true
    },
    "node_modules/@types/node": {
      "version": "20.14.2",
      "resolved": "https://registry.npmjs.org/@types/node/-/node-20.14.2.tgz",
      "integrity": "sha512-xyu66S26hiH20SCLqFRj5zWHIeEu/5X9K0n8wr0Ya6PN0QWnbO8r3HxN210ncpwe2s4M3s1wXl22/L0l4Qx9rA==",
      "dev": true,
      "dependencies": {
        "undici-types": "~5.26.4"
      }
    },
    "node_modules/@types/prop-types": {
      "version": "15.7.12",
      "resolved": "https://registry.npmjs.org/@types/prop-types/-/prop-types-15.7.12.tgz",
      "integrity": "sha512-5zvhXYS3icfNlvmqgAB8o/b3aN2b/M3sPq2JkO5gpP4uL5l7Qp4M/a6nS13J3a37nbI565TysUvyi0vQ3k3wXg==",
      "dev": true
    },
    "node_modules/@types/react": {
      "version": "18.3.3",
      "resolved": "https://registry.npmjs.org/@types/react/-/react-18.3.3.tgz",
      "integrity": "sha512-hti/R0pS0q1/xx+TsI73S6SqvbewHk24I+Gk32S3j8T0wiWe62b09m0dG/l297A5+iB2bX8V4dHxXMuGR/qQrg==",
      "dev": true,
      "dependencies": {
        "@types/prop-types": "*",
        "csstype": "^3.0.2"
      }
    },
    "node_modules/@types/react-dom": {
      "version": "18.3.0",
      "resolved": "https://registry.npmjs.org/@types/react-dom/-/react-dom-18.3.0.tgz",
      "integrity": "sha512-EhwApuTmMBmDxL3e3VG3VDs3/T5PKOa06Y9kSAl44s0w5i6j8iSPp3eY2oH75h3zYvV7YJmUIkV8g2i5l1o/TQ==",
      "dev": true,
      "dependencies": {
        "@types/react": "*"
      }
    },
    "node_modules/@vitejs/plugin-react": {
      "version": "4.3.1",
      "resolved": "https://registry.npmjs.org/@vitejs/plugin-react/-/plugin-react-4.3.1.tgz",
      "integrity": "sha512-Y3U7n2gVpfVoS6+p27a9S/4sD9AAa1qTfK4V/bVAhg0Nx19o+q0zYVrI/UTj9O20C2b1v2bLgK14p0i+33eGvA==",
      "dev": true,
      "dependencies": {
        "@babel/runtime": "^7.24.0"
      },
      "peerDependencies": {
        "vite": "^4.2.0 || ^5.0.0"
      }
    },
    "node_modules/autoprefixer": {
      "version": "10.4.19",
      "resolved": "https://registry.npmjs.org/autoprefixer/-/autoprefixer-10.4.19.tgz",
      "integrity": "sha512-32ef2l+if+SNfl0Uk359wSozL7trll3NNA23GS/cAnC8NLs3j+1E4+c6w3B2v2s9OKb0l2h0Kvr202s8f2+2Zw==",
      "dev": true,
      "dependencies": {
        "browserslist": "^4.23.0",
        "caniuse-lite": "^1.0.30001599",
        "fraction.js": "^4.3.7",
        "picocolors": "^1.0.0",
        "postcss-value-parser": "^4.2.0"
      },
      "bin": {
        "autoprefixer": "bin/autoprefixer"
      },
      "engines": {
        "node": "^10 || ^12 || >=14"
      }
    },
    "node_modules/base64-arraybuffer": {
      "version": "1.0.2",
      "resolved": "https://registry.npmjs.org/base64-arraybuffer/-/base64-arraybuffer-1.0.2.tgz",
      "integrity": "sha512-I3Oo3ABwFXr83i64zBFQ2SK3GOv9ViTSdeD4TlgrsYJ3n2dUh8u19kLg3sA91MmkfAEXrr2g5Z4u79i72bpxBQ=="
    },
    "node_modules/browserslist": {
      "version": "4.23.1",
      "resolved": "https://registry.npmjs.org/browserslist/-/browserslist-4.23.1.tgz",
      "integrity": "sha512-s43cyz7I7Dshd1FvI6Wybe2HkXLg5iDYf41x08hMB3QLK9b2u+6sPQhP4kG27s/ub58tOUbVb6/3H63p33/CGA==",
      "dev": true,
      "dependencies": {
        "caniuse-lite": "^1.0.30001601",
        "electron-to-chromium": "^1.4.784",
        "node-releases": "^2.0.14",
        "update-browserslist-db": "^1.0.17"
      },
      "bin": {
        "browserslist": "cli.js"
      },
      "engines": {
        "node": "^12 || ^14 || ^16 || ^18 || >=20"
      }
    },
    "node_modules/caniuse-lite": {
      "version": "1.0.30001603",
      "resolved": "https://registry.npmjs.org/caniuse-lite/-/caniuse-lite-1.0.30001603.tgz",
      "integrity": "sha512-n2L8Vf4qXpX45uD/PzlGbwQ2x0k4tFGpC97bWcfOF0yvj19Ld2cFjQ28Q1T7J01tC/M1eL8YtWfGk2Ur91/31g==",
      "dev": true
    },
    "node_modules/cross-fetch": {
      "version": "3.1.8",
      "resolved": "https://registry.npmjs.org/cross-fetch/-/cross-fetch-3.1.8.tgz",
      "integrity": "sha512-Bo35m20oD7yGjmm2qLgLgQ1S5gGA+yG4DGKzR2q65KmYyTAmE0rTwKHQG4iYpI1l3iK2iBq9Y8g3w/A/3o8A7A==",
      "dependencies": {
        "node-fetch": "2.7.0"
      }
    },
    "node_modules/csstype": {
      "version": "3.1.3",
      "resolved": "https://registry.npmjs.org/csstype/-/csstype-3.1.3.tgz",
      "integrity": "sha512-M1uQkMl8rQK/szD0LNhtqxIPLz6QOBOKzzJSy+DzwklxEWpRi72lbd7gocub3v/wg4i1iQzZpfYkvd2sftE96g==",
      "dev": true
    },
    "node_modules/debug": {
      "version": "4.3.4",
      "resolved": "https://registry.npmjs.org/debug/-/debug-4.3.4.tgz",
      "integrity": "sha512-PR1J4KzRDFTi7VqzrAn3gq6CPEhEsgXDNxW4Iu3g7c/31A1EUTfcJHMXw5E53c7yL0stYSV2IqG2AOtuQn6s0A==",
      "dependencies": {
        "ms": "2.1.2"
      },
      "engines": {
        "node": ">=6.0"
      }
    },
    "node_modules/electron-to-chromium": {
      "version": "1.4.858",
      "resolved": "https://registry.npmjs.org/electron-to-chromium/-/electron-to-chromium-1.4.858.tgz",
      "integrity": "sha512-Y3gYk/R7U/4vMhA/9ixm7lSjmfm4/S7+KcqdK1nNqm/QJSVnB40+k7H6bT0m1agT12r/2qN+oJpYd2L8mK8u8w==",
      "dev": true
    },
    "node_modules/engine.io-client": {
      "version": "6.5.3",
      "resolved": "https://registry.npmjs.org/engine.io-client/-/engine.io-client-6.5.3.tgz",
      "integrity": "sha512-XhQx2uN/D3dgy7NliJqF+o4j4e70eLTDG5G/65FDD02xJ2d/u2+u/2JzJ1cE6aT91pQJee/yA2a1P1hS8701Q==",
      "dependencies": {
        "@socket.io/component-emitter": "~3.1.0",
        "debug": "~4.3.2",
        "engine.io-parser": "~5.2.2",
        "ws": "~8.11.0",
        "xmlhttprequest-ssl": "~2.1.0"
      },
      "engines": {
        "node": ">=10.0.0"
      },
      "optionalDependencies": {
        "bufferutil": "~4.0.1",
        "utf-8-validate": "~5.0.2"
      }
    },
    "node_modules/engine.io-parser": {
      "version": "5.2.2",
      "resolved": "https://registry.npmjs.org/engine.io-parser/-/engine.io-parser-5.2.2.tgz",
      "integrity": "sha512-v4b17efeK3g54L382u3sTzXiX+1TfQ8wOmRX5Ie+sQk5l/5z2Vv7/p8d1g3Kuu4JqD4I63n/8rSNePdFv6g1Q==",
      "dependencies": {
        "base64-arraybuffer": "~1.0.1"
      },
      "engines": {
        "node": ">=10.0.0"
      }
    },
    "node_modules/es-errors": {
      "version": "1.3.0",
      "resolved": "https://registry.npmjs.org/es-errors/-/es-errors-1.3.0.tgz",
      "integrity": "sha512-Zf5GOc2c8ed3k6o8w6cccH83mbygse34bna4T5y9f6wefP8eORjTS/hA3/9x+gG3s/oAcy43/wSt1X20bpoeA==",
      "engines": {
        "node": ">= 0.4"
      }
    },
    "node_modules/esbuild": {
      "version": "0.20.2",
      "resolved": "https://registry.npmjs.org/esbuild/-/esbuild-0.20.2.tgz",
      "integrity": "sha512-n5oJ22/2mI9wEngfcfstisSPa4k51S7ftv/8d8aDplF4/eJ226Th2b2c1o2T2sVd0L+s2K2p3/vR8u/k3p9/yQ==",
      "dev": true,
      "hasInstallScript": true,
      "bin": {
        "esbuild": "bin/esbuild"
      },
      "engines": {
        "node": ">=12"
      },
      "optionalDependencies": {
        "@esbuild/android-arm": "0.20.2",
        "@esbuild/android-arm64": "0.20.2",
        "@esbuild/android-x64": "0.20.2",
        "@esbuild/darwin-arm64": "0.20.2",
        "@esbuild/darwin-x64": "0.20.2",
        "@esbuild/freebsd-arm64": "0.20.2",
        "@esbuild/freebsd-x64": "0.20.2",
        "@esbuild/linux-arm": "0.20.2",
        "@esbuild/linux-arm64": "0.20.2",
        "@esbuild/linux-ia32": "0.20.2",
        "@esbuild/linux-loong64": "0.20.2",
        "@esbuild/linux-mips64el": "0.20.2",
        "@esbuild/linux-ppc64": "0.20.2",
        "@esbuild/linux-riscv64": "0.20.2",
        "@esbuild/linux-s390x": "0.20.2",
        "@esbuild/linux-x64": "0.20.2",
        "@esbuild/netbsd-x64": "0.20.2",
        "@esbuild/openbsd-x64": "0.20.2",
        "@esbuild/sunos-x64": "0.20.2",
        "@esbuild/win32-arm64": "0.20.2",
        "@esbuild/win32-ia32": "0.20.2",
        "@esbuild/win32-x64": "0.20.2"
      }
    },
    "node_modules/faye-websocket": {
      "version": "0.11.4",
      "resolved": "https://registry.npmjs.org/faye-websocket/-/faye-websocket-0.11.4.tgz",
      "integrity": "sha512-P10nME6U4i82LLSNo4Y0o703tPQupFCsTzLCsk/+QAM3TMy2wKCMyu2z30TPnIs9vGvJzu6DErCiA/N0b6myFA==",
      "dependencies": {
        "websocket-driver": ">=0.5.1"
      },
      "engines": {
        "node": ">=0.8.0"
      }
    },
    "node_modules/firebase": {
      "version": "10.12.2",
      "resolved": "https://registry.npmjs.org/firebase/-/firebase-10.12.2.tgz",
      "integrity": "sha512-3z3fImJGI5I/L43xHF332h5Rl3w/trwdpUPyPMbC2nPE2M69u2sv3vLt3a//iG3nUS3kBz/YxIQS+kS13hEzfQ==",
      "dependencies": {
        "@firebase/app": "0.10.5",
        "@firebase/app-compat": "0.2.24",
        "@firebase/app-types": "0.9.1",
        "@firebase/auth": "1.7.2",
        "@firebase/auth-compat": "1.7.2",
        "@firebase/component": "0.6.11",
        "@firebase/database": "1.0.5",
        "@firebase/database-compat": "1.0.5",
        "@firebase/firestore": "4.6.1",
        "@firebase/firestore-compat": "4.6.1",
        "@firebase/functions": "0.10.5",
        "@firebase/functions-compat": "0.7.5",
        "@firebase/installations": "0.6.9",
        "@firebase/messaging": "0.12.8",
        "@firebase/messaging-compat": "0.1.23",
        "@firebase/performance": "0.6.9",
        "@firebase/performance-compat": "0.2.9",
        "@firebase/remote-config": "0.4.9",
        "@firebase/remote-config-compat": "0.2.9",
        "@firebase/storage": "0.12.5",
        "@firebase/storage-compat": "0.2.24",
        "@firebase/util": "1.9.5",
        "tslib": "^2.1.0"
      }
    },
    "node_modules/fraction.js": {
      "version": "4.3.7",
      "resolved": "https://registry.npmjs.org/fraction.js/-/fraction.js-4.3.7.tgz",
      "integrity": "sha512-ZsDfxwsQc8/bHBEkOaDi2nB12zT8cR3kT9DDwv2I3jR21I047sW/3dM2Q1DkDQbgi3DkU1a1Xg8I/e2Sj1Q8hw==",
      "dev": true,
      "engines": {
        "node": ">=0.6"
      }
    },
    "node_modules/function-bind": {
      "version": "1.1.2",
      "resolved": "https://registry.npmjs.org/function-bind/-/function-bind-1.1.2.tgz",
      "integrity": "sha512-714uBgrbifmoTC+TwpTBG6JRrPFG3StAhIe223Gl5zL1w7Aa10BGy3K2yW/wAd+odpEV5r+I5pPSfYqIu2v4iQ=="
    },
    "node_modules/get-intrinsic": {
      "version": "1.2.4",
      "resolved": "https://registry.npmjs.org/get-intrinsic/-/get-intrinsic-1.2.4.tgz",
      "integrity": "sha512-dOMabHh023i7w9mKnEnSv+jXKn3GS7ul/I3kG13c19XyBTY9Q665i2f+xJGLK63Y3o7xDAcs5Rhr32QIbza+yA==",
      "dependencies": {
        "es-errors": "^1.3.0",
        "function-bind": "^1.1.2",
        "has-proto": "^1.0.3",
        "has-symbols": "^1.0.3",
        "hasown": "^2.0.2"
      }
    },
    "node_modules/has-proto": {
      "version": "1.0.3",
      "resolved": "https://registry.npmjs.org/has-proto/-/has-proto-1.0.3.tgz",
      "integrity": "sha512-SJ1amAUH8gY/2F5d832gVJP31iB2aD6iT911VUd9goiO3+NlYVf53P/qaQ7sVTfWdGnpIq/Xc/53gA5T8fDczQ==",
      "engines": {
        "node": ">= 0.4"
      }
    },
    "node_modules/has-symbols": {
      "version": "1.0.3",
      "resolved": "https://registry.npmjs.org/has-symbols/-/has-symbols-1.0.3.tgz",
      "integrity": "sha512-l3LCuF6NfjUGwW3wfbJgNlVmlwFeCAEi9/it2pSt3xS 件数 too many files to scan, exceeding limit of 10,000.",
      "engines": {
        "node": ">= 0.4"
      }
    },
    "node_modules/hasown": {
      "version": "2.0.2",
      "resolved": "https://registry.npmjs.org/hasown/-/hasown-2.0.2.tgz",
      "integrity": "sha512-VAwOMRScewP/L+2/b5AMF2g0v3S2f2nR1wPtP38oVI49F+Lg1pA384CSx1t63KxV68yQ13rkY/AO3iBf30VRA==",
      "dependencies": {
        "function-bind": "^1.1.2"
      },
      "engines": {
        "node": ">= 0.4"
      }
    },
    "node_modules/http-parser-js": {
      "version": "0.5.8",
      "resolved": "https://registry.npmjs.org/http-parser-js/-/http-parser-js-0.5.8.tgz",
      "integrity": "sha512-SGeJKz2b75gssH8QyS43/fZsZn50f1Q28p2OaGFp3qq433vLNlF044W3d3v1/1jg054u2fScs23CV6tYFcyvBQ=="
    },
    "node_modules/idb": {
      "version": "7.1.1",
      "resolved": "https://registry.npmjs.org/idb/-/idb-7.1.1.tgz",
      "integrity": "sha512-gS4yB01ORh7/32u12Q+4J2b5qY4QJt145U7vJ5ETLS34Lh5xk/Oh6/4WftzBpr12d6V2yFn7wzK5T1p+hEMM+A=="
    },
    "node_modules/js-tokens": {
      "version": "4.0.0",
      "resolved": "https://registry.npmjs.org/js-tokens/-/js-tokens-4.0.0.tgz",
      "integrity": "sha512-RdJUflcE3cUzKiMqQgsCu06FPu9UdIJO0beYbPhHN4k6apgJtifcoCtT9bcxOpYBtpD2kCM6Sbzg4CausW/PKQ=="
    },
    "node_modules/lodash": {
      "version": "4.17.21",
      "resolved": "https://registry.npmjs.org/lodash/-/lodash-4.17.21.tgz",
      "integrity": "sha512-v2kDEe57ybfAySmsADULEZwpreKCt1AHe5AlVF9iYO7cfAifgoA8rECHkjyA9TPXIYCyb3LTDFCF0Ajcx8m83g=="
    },
    "node_modules/loose-envify": {
      "version": "1.4.0",
      "resolved": "https://registry.npmjs.org/loose-envify/-/loose-envify-1.4.0.tgz",
      "integrity": "sha512-lyuxPGr/Wfhrlem2CL/UcnUc1zcqKAImBDzukY7Y5F/yQiNdko6+fRLevlw1HgMySw7f611UIY408EtxRSoK3Q==",
      "dependencies": {
        "js-tokens": "^3.0.0 || ^4.0.0"
      },
      "bin": {
        "loose-envify": "cli.js"
      }
    },
    "node_modules/ms": {
      "version": "2.1.2",
      "resolved": "https://registry.npmjs.org/ms/-/ms-2.1.2.tgz",
      "integrity": "sha512-sGkPx+VjMtmA6MX27oA4FBFELFCZZ4S4XqeGOXCv68tT+An8d84/5IapCKHFFImIhVXgJed3uuqRg5Za7bA4gw=="
    },
    "node_modules/nanoid": {
      "version": "3.3.7",
      "resolved": "https://registry.npmjs.org/nanoid/-/nanoid-3.3.7.tgz",
      "integrity": "sha512-eSRppjcPIat8LT2IOpJS2dGfZS3L3Xax2/pcsqeNbOagTXtHr5VVoGg5zK0A6ZN530ePAy4K1CRWiPuOkILk3w==",
      "dev": true,
      "bin": {
        "nanoid": "bin/nanoid.js"
      },
      "engines": {
        "node": "^10 || ^12 || ^13.7 || ^14 || >=15.0.1"
      }
    },
    "node_modules/node-fetch": {
      "version": "2.7.0",
      "resolved": "https://registry.npmjs.org/node-fetch/-/node-fetch-2.7.0.tgz",
      "integrity": "sha512-c4FRfUm/MiRrqABreq6oMbcA2uifARksB23zDgtqsY9f3q43GGd7mmtrVj2Gz5GjggjMhdn7v2zeNEvl6ggscA==",
      "dependencies": {
        "whatwg-url": "^5.0.0"
      },
      "engines": {
        "node": "4.x || >=6.0.0"
      }
    },
    "node_modules/node-releases": {
      "version": "2.0.14",
      "resolved": "https://registry.npmjs.org/node-releases/-/node-releases-2.0.14.tgz",
      "integrity": "sha512-y1/PZ/t202go31e/WY2KPW0m2QVFcnM2a5fXB2sGhlBFi0zY1xT/A/pkplao1/v+42vOYwzT3pQMw4gC9z+s8w==",
      "dev": true
    },
    "node_modules/parseuri": {
      "version": "0.0.6",
      "resolved": "https://registry.npmjs.org/parseuri/-/parseuri-0.0.6.tgz",
      "integrity": "sha512-5B4Pyj2C4bAB/A28/1cossu3U8w9jVl33w5A35a+8Dxazr4hW/Qryc7xgmNDo4iF1r2s3v4A3/S1/1k7mO8xrg==",
      "dependencies": {
        "better-assert": "~1.0.0"
      }
    },
    "node_modules/parseuri/node_modules/better-assert": {
      "version": "1.0.2",
      "resolved": "https://registry.npmjs.org/better-assert/-/better-assert-1.0.2.tgz",
      "integrity": "sha512-P5s2B8JCUJSJAQx8h923D4X/4tXykr6gAVtEt9aR4Q1V+4aKc4xLg/vK25yK5L/3xJc1w1YdQrhj+2QcrD1/ZA==",
      "dependencies": {
        "callsite": "1.0.0",
        "debug": "2.2.0"
      }
    },
    "node_modules/parseuri/node_modules/callsite": {
      "version": "1.0.0",
      "resolved": "https://registry.npmjs.org/callsite/-/callsite-1.0.0.tgz",
      "integrity": "sha512-GrWdA9IrLd82h932dYtH2k5jIfsFT4D3S1cCFpS3g6SsmbH2wEupbJHdQxphrWzQ1J9XlQpL/t3b2jGkUv0hYw=="
    },
    "node_modules/parseuri/node_modules/debug": {
      "version": "2.2.0",
      "resolved": "https://registry.npmjs.org/debug/-/debug-2.2.0.tgz",
      "integrity": "sha512-D0ZDBT/sA2IylsD9x2Al6D8TyY9o22fD13C5/D3A5epO8RPSgYwYJCx3V2eX/5I46Cj234sL5T5e33dO5yE9w==",
      "dependencies": {
        "ms": "0.7.1"
      }
    },
    "node_modules/parseuri/node_modules/ms": {
      "version": "0.7.1",
      "resolved": "https://registry.npmjs.org/ms/-/ms-0.7.1.tgz",
      "integrity": "sha512-12gPUy3r8/Tkobv6/Oa6A1oYpG3T239P52T12GQ+5uj865hIe8nFMMrvLSNL3y21t1h2VLX/5sH66v886/4zEg=="
    },
    "node_modules/picocolors": {
      "version": "1.0.1",
      "resolved": "https://registry.npmjs.org/picocolors/-/picocolors-1.0.1.tgz",
      "integrity": "sha512-anQDJJoBY8+A3MJESgSlLzkepEH8AnG1uHlPca+v/poq3aeKrd8p/s3be3T/25fA/t2XAD73Lp23/1gD+2iSDg==",
      "dev": true
    },
    "node_modules/postcss": {
      "version": "8.4.38",
      "resolved": "https://registry.npmjs.org/postcss/-/postcss-8.4.38.tgz",
      "integrity": "sha512-W/OoA6Tf2kbshtGgdy/kZmX2w/ju1kIIj9/pPuMA+k5sXo3s3ErjB2gmpdRh21sO/Hk+4AUbE+P4j07/s/MTSw==",
      "dev": true,
      "dependencies": {
        "nanoid": "^3.3.7",
        "picocolors": "^1.0.1",
        "source-map-js": "^1.2.0"
      },
      "engines": {
        "node": "^10 || ^12 || >=14"
      }
    },
    "node_modules/postcss-value-parser": {
      "version": "4.2.0",
      "resolved": "https://registry.npmjs.org/postcss-value-parser/-/postcss-value-parser-4.2.0.tgz",
      "integrity": "sha512-1NNCs6uurfkVbeXG4S8JFT9t19m45aifLGoyfR2U92wAb9LdwZ5AkRBITs+pZa2ve5eYwgUguWGTAc61tKDUOg==",
      "dev": true
    },
    "node_modules/react": {
      "version": "18.3.1",
      "resolved": "https://registry.npmjs.org/react/-/react-18.3.1.tgz",
      "integrity": "sha512-wS+hAgJShmbnCjBwDFMNCgP6v7w3o8i9oo8sCamTzz0w01hG5/mI+gp5Z2LNWb9X3RU+lVx24U2D2n2/sPpH/A==",
      "dependencies": {
        "loose-envify": "^1.1.0"
      },
      "engines": {
        "node": ">=0.10.0"
      }
    },
    "node_modules/react-dom": {
      "version": "18.3.1",
      "resolved": "https://registry.npmjs.org/react-dom/-/react-dom-18.3.1.tgz",
      "integrity": "sha512-5m4nQKp+rZRb09LNH59GM4BxTh9251/sHso5h8EHlL33OCmcti9i4Zj9GBo1wY38f0/on3s2SIk063Xb3w7E1w==",
      "dependencies": {
        "loose-envify": "^1.1.0",
        "scheduler": "^0.23.2"
      },
      "peerDependencies": {
        "react": "^18.3.1"
      }
    },
    "node_modules/regenerator-runtime": {
      "version": "0.14.1",
      "resolved": "https://registry.npmjs.org/regenerator-runtime/-/regenerator-runtime-0.14.1.tgz",
      "integrity": "sha512-dYnhHh0nJoMfnkZs6GmmhFknAGRrLznOu5nc9ML+EJxGvrx6H7teuevqVqCuPcPK//3eDrrjQhehXVx9cnkGdw==",
      "dev": true
    },
    "node_modules/rollup": {
      "version": "4.18.0",
      "resolved": "https://registry.npmjs.org/rollup/-/rollup-4.18.0.tgz",
      "integrity": "sha512-32j9jeKz1iLY2F2F6G8B2G342Mmn1+Rj2Fqtr++a+oQwh4pQ4Fv8ji+wxe72rGDuX75Wz56S2kn4g8J+wW7w9Q==",
      "dev": true,
      "bin": {
        "rollup": "dist/bin/rollup"
      },
      "engines": {
        "node": ">=18.0.0",
        "npm": ">=8.0.0"
      },
      "optionalDependencies": {
        "@rollup/rollup-android-arm-eabi": "4.18.0",
        "@rollup/rollup-android-arm64": "4.18.0",
        "@rollup/rollup-darwin-arm64": "4.18.0",
        "@rollup/rollup-darwin-x64": "4.18.0",
        "@rollup/rollup-linux-arm-gnueabihf": "4.18.0",
        "@rollup/rollup-linux-arm64-gnu": "4.18.0",
        "@rollup/rollup-linux-arm64-musl": "4.18.0",
        "@rollup/rollup-linux-riscv64-gnu": "4.18.0",
        "@rollup/rollup-linux-x64-gnu": "4.18.0",
        "@rollup/rollup-linux-x64-musl": "4.18.0",
        "@rollup/rollup-win32-arm64-msvc": "4.18.0",
        "@rollup/rollup-win32-ia32-msvc": "4.18.0",
        "@rollup/rollup-win32-x64-msvc": "4.18.0",
        "fsevents": "~2.3.2"
      }
    },
    "node_modules/scheduler": {
      "version": "0.23.2",
      "resolved": "https://registry.npmjs.org/scheduler/-/scheduler-0.23.2.tgz",
      "integrity": "sha512-EWiW33WJbOW3GP5/MaxmG2gFkyNgyAmNSE6x32nS/EinLiD0iPeD62wBbnI1i3XG/YUdMT9K30l4g9NdIu31KA==",
      "dependencies": {
        "loose-envify": "^1.1.0"
      }
    },
    "node_modules/socket.io-client": {
      "version": "4.7.5",
      "resolved": "https://registry.npmjs.org/socket.io-client/-/socket.io-client-4.7.5.tgz",
      "integrity": "sha512-143uRzG+1qa3fEZZpsH3k1P139e+cK82/i6dJ+SmP7vjSzB8E0Hk6aQd73YgUqBGt0+i4Slu7oP/wN2PaT+2kw==",
      "dependencies": {
        "@socket.io/component-emitter": "~3.1.0",
        "debug": "~4.3.2",
        "engine.io-client": "~6.5.2",
        "parseuri": "~0.0.6",
        "socket.io-parser": "~4.2.3"
      },
      "engines": {
        "node": ">=10.0.0"
      }
    },
    "node_modules/socket.io-parser": {
      "version": "4.2.4",
      "resolved": "https://registry.npmjs.org/socket.io-parser/-/socket.io-parser-4.2.4.tgz",
      "integrity": "sha512-42r4k3gDSaEx++h8y32Wo3+f6sTh5T1gqFj57g7h3YvQ2/SgcsjwVzC6sA3T2DBf5F31Pz7AWhW/rAE1+tL3cw==",
      "dependencies": {
        "@socket.io/component-emitter": "~3.1.0",
        "debug": "~4.3.2"
      },
      "engines": {
        "node": ">=10.0.0"
      }
    },
    "node_modules/source-map-js": {
      "version": "1.2.0",
      "resolved": "https://registry.npmjs.org/source-map-js/-/source-map-js-1.2.0.tgz",
      "integrity": "sha512-it5if+sL3s2L2c823zAoe9tB+fSK0zT0x3+e8a2d226y0O32cT0f2XbUuHAP92iV2iSO52TbyFm2sTjQj7Q==",
      "dev": true,
      "engines": {
        "node": ">=0.10.0"
      }
    },
    "node_modules/tailwindcss": {
      "version": "3.4.3",
      "resolved": "https://registry.npmjs.org/tailwindcss/-/tailwindcss-3.4.3.tgz",
      "integrity": "sha512-t+Vf/Vzw2Uv+0R1983c27l/3x0xOZXBG1s225xt+h3AYtVp/2IY0Iu1d/seajOPItx+4OEU4gkd7+OOKf0QQCQ==",
      "dev": true,
      "dependencies": {
        "picocolors": "^1.0.0",
        "postcss": "^8.4.17"
      },
      "bin": {
        "tailwind": "lib/cli.js",
        "tailwindcss": "lib/cli.js"
      },
      "engines": {
        "node": ">=16.14.0"
      }
    },
    "node_modules/tr46": {
      "version": "0.0.3",
      "resolved": "https://registry.npmjs.org/tr46/-/tr46-0.0.3.tgz",
      "integrity": "sha512-N3WMptqx3Kz3t32ZctNOQClNbfvK46j/Q0M6T302s5s7nbcseuao6SS2N3yAacXKPP6sP4TEPKSz/wi/wclBrA=="
    },
    "node_modules/tslib": {
      "version": "2.6.2",
      "resolved": "https://registry.npmjs.org/tslib/-/tslib-2.6.2.tgz",
      "integrity": "sha512-AEYxH93jGFPn/a2iVAwW87VuUIkR1FVUKB77NwMF7UfmMrt2EILGOCYj1d5uCF7o05gVdUqis5A4iRMu8OB+yA=="
    },
    "node_modules/typescript": {
      "version": "5.4.5",
      "resolved": "https://registry.npmjs.org/typescript/-/typescript-5.4.5.tgz",
      "integrity": "sha512-vcI4UpRgg81oXqd89VICeX3Vv3glcwjbO2gEAmcb5GQuAfbTMi6uO2ryBhlIWlB2lV8bfE8+tM1qEDvIglUbXw==",
      "dev": true,
      "bin": {
        "tsc": "bin/tsc",
        "tsserver": "bin/tsserver"
      },
      "engines": {
        "node": ">=14.17"
      }
    },
    "node_modules/undici-types": {
      "version": "5.26.5",
      "resolved": "https://registry.npmjs.org/undici-types/-/undici-types-5.26.5.tgz",
      "integrity": "sha512-JlCMO+ehdEIKqlFxk6IfVoAUVmgz7cU7zD/h9XZ0qzeosSHmUJVOzSQvvYSYWXkFXC+IfLKSIffhv0sVZup6pA==",
      "dev": true
    },
    "node_modules/update-browserslist-db": {
      "version": "1.0.17",
      "resolved": "https://registry.npmjs.org/update-browserslist-db/-/update-browserslist-db-1.0.17.tgz",
      "integrity": "sha512-c2eDXbK0zL6bgoWBLDcs6LdJ1pL+wQ17+6c/e0k5ISsEaYK1IeA/dJgS/sCsL71bSVw9l8Gf1H+S2aChtA2mzA==",
      "dev": true,
      "dependencies": {
        "picocolors": "^1.0.0"
      },
      "bin": {
        "update-browserslist-db": "cli.js"
      },
      "peerDependencies": {
        "browserslist": ">= 4.21.0"
      }
    },
    "node_modules/vite": {
      "version": "5.2.12",
      "resolved": "https://registry.npmjs.org/vite/-/vite-5.2.12.tgz",
      "integrity": "sha512-kY4Y4A2cYeLMo3x3vgQ22esF38p1n5zFDB9Fqncj24bPhy4a29C9kca1qP9Cg4Qc3T2P2s5g53d+T2NgoMyb4A==",
      "dev": true,
      "dependencies": {
        "esbuild": "^0.20.0",
        "postcss": "^8.4.38",
        "rollup": "^4.17.2"
      },
      "bin": {
        "vite": "bin/vite.js"
      },
      "engines": {
        "node": ">=18.0.0"
      },
      "optionalDependencies": {
        "fsevents": "~2.3.2"
      },
      "peerDependencies": {
        "@types/node": ">=18.0.0",
        "less": "*",
        "lightningcss": ">=1.24.1",
        "sass": "*",
        "stylus": "*",
        "sugarss": "*",
        "terser": ">=5.4.0"
      },
      "peerDependenciesMeta": {
        "@types/node": {
          "optional": true
        },
        "less": {
          "optional": true
        },
        "lightningcss": {
          "optional": true
        },
        "sass": {
          "optional": true
        },
        "stylus": {
          "optional": true
        },
        "sugarss": {
          "optional": true
        },
        "terser": {
          "optional": true
        }
      }
    },
    "node_modules/webidl-conversions": {
      "version": "3.0.1",
      "resolved": "https://registry.npmjs.org/webidl-conversions/-/webidl-conversions-3.0.1.tgz",
      "integrity": "sha512-2JAn3z8AR6rjK8UguYAUvlOpeXps806II3bS25yLyzTCg+rNNapF6vMiycjvVwrQ3KgvVaP4UmLhHDC1NmTq2Q=="
    },
    "node_modules/websocket-driver": {
      "version": "0.7.4",
      "resolved": "https://registry.npmjs.org/websocket-driver/-/websocket-driver-0.7.4.tgz",
      "integrity": "sha512-b3S4V2y1m/1P6dajpuYI9J7cdeHTSme3WQzKyCxCDbAqI67t3I7752d82B21t1/t2aA86AStsCEt31V122y+1w==",
      "dependencies": {
        "http-parser-js": ">=0.5.1",
        "safe-buffer": ">=5.1.0",
        "websocket-extensions": ">=0.1.1"
      },
      "engines": {
        "node": ">=0.8.0"
      }
    },
    "node_modules/websocket-extensions": {
      "version": "0.1.4",
      "resolved": "https://registry.npmjs.org/websocket-extensions/-/websocket-extensions-0.1.4.tgz",
      "integrity": "sha512-OceETo6I/iN/RSv35aTo0QTSulss2+3dDRD2Jp2pTjTJb7g3p333NB+hI45pI63s/1L/kxFbD2i2ui7rQ+E8xw==",
      "engines": {
        "node": ">=0.8.0"
      }
    },
    "node_modules/whatwg-url": {
      "version": "5.0.0",
      "resolved": "https://registry.npmjs.org/whatwg-url/-/whatwg-url-5.0.0.tgz",
      "integrity": "sha512-saE57nup5G62ONrEa6I54z7fKts366ni+piA487a6v/c1A1dIRd8+37a0tK/n5nd0rsycfk2jRk/gD0b2hYyvQ==",
      "dependencies": {
        "tr46": "~0.0.3",
        "webidl-conversions": "^3.0.0"
      }
    },
    "node_modules/ws": {
      "version": "8.17.0",
      "resolved": "https://registry.npmjs.org/ws/-/ws-8.17.0.tgz",
      "integrity": "sha512-3o7I53eF8d65s1fEV1ed/O0u23wFMjE5tI4e1OOQRK2k4F8V31Gvod1N382s3y1t2pZCK+L1zBYL4v52sS2rIw==",
      "engines": {
        "node": ">=10.0.0"
      },
      "peerDependencies": {
        "bufferutil": "^4.0.1",
        "utf-8-validate": ">=5.0.2"
      },
      "peerDependenciesMeta": {
        "bufferutil": {
          "optional": true
        },
        "utf-8-validate": {
          "optional": true
        }
      }
    },
    "node_modules/xmlhttprequest-ssl": {
      "version": "2.1.0",
      "resolved": "https://registry.npmjs.org/xmlhttprequest-ssl/-/xmlhttprequest-ssl-2.1.0.tgz",
      "integrity": "sha512-Uv42ZZ80V3/4442h2t1n952HQ2u/k2i2j1o/L3y2t0n4A0xttpsh0cUP/319vj4fS/QnICrJd3o3vYg+P+1k/w==",
      "dependencies": {
        "extend": "^3.0.0",
        "ws": "^8.12.0"
      },
      "engines": {
        "node": ">=10.0.0"
      }
    },
    "node_modules/xmlhttprequest-ssl/node_modules/extend": {
      "version": "3.0.2",
      "resolved": "https://registry.npmjs.org/extend/-/extend-3.0.2.tgz",
      "integrity": "sha512-fjquC59jdj4kBpydIqj632g3rICHu3uPj82/f2V0heqCEo84aEn0j7R2Q3NE6iC5d4aM3/67a5ssS3vL/y+3vA=="
    }
  }
}
