{
  "name": "swiftdrop-backend",
  "version": "1.0.0",
  "lockfileVersion": 3,
  "requires": true,
  "packages": {
    "": {
      "name": "swiftdrop-backend",
      "version": "1.0.0",
      "license": "ISC",
      "dependencies": {
        "cors": "^2.8.5",
        "express": "^4.19.2",
        "firebase-admin": "^12.1.0",
        "pg": "^8.11.5",
        "socket.io": "^4.7.5",
        "uuid": "^9.0.1"
      },
      "devDependencies": {
        "@types/cors": "^2.8.17",
        "@types/express": "^4.17.21",
        "@types/node": "^20.12.7",
        "@types/pg": "^8.11.6",
        "@types/uuid": "^9.0.8",
        "nodemon": "^3.1.0",
        "ts-node": "^10.9.2",
        "ts-node-dev": "^2.0.0",
        "typescript": "^5.4.5"
      }
    },
    "node_modules/@socket.io/component-emitter": {
      "version": "3.1.0",
      "resolved": "https://registry.npmjs.org/@socket.io/component-emitter/-/component-emitter-3.1.0.tgz",
      "integrity": "sha512-c/4k3gSumWz2V0vr34t33b2bW3PyiGj32mKo2e329rv1kAzq4bAn3i3pPGsQ/0HySVB1/TCA2z24D8PD851L4g==",
      "engines": {
        "node": ">=10.0.0"
      }
    },
    "node_modules/@types/cors": {
      "version": "2.8.17",
      "resolved": "https://registry.npmjs.org/@types/cors/-/cors-2.8.17.tgz",
      "integrity": "sha512-Stt48t55KHf2oA85B3x2Z13I3uEm45q3St/fGzmu4k/n1bPE4FNYz++rT8Kj7M8mShJ9NbnM42m0GvU/l9k72w==",
      "dev": true,
      "dependencies": {
        "@types/node": "*"
      }
    },
    "node_modules/@types/express": {
      "version": "4.17.21",
      "resolved": "https://registry.npmjs.org/@types/express/-/express-4.17.21.tgz",
      "integrity": "sha512-Y432y3aVKnJoK43Q2o2yQR2iQZs64TfWVTkQZ/wJgx29sBbe5x4OBnQGaV7wG29iHTAHfgd22Oz309tZJmGwgA==",
      "dev": true,
      "dependencies": {
        "@types/body-parser": "*",
        "@types/express-serve-static-core": "^4.17.30",
        "@types/qs": "*",
        "@types/serve-static": "*"
      }
    },
    "node_modules/@types/express-serve-static-core": {
      "version": "4.19.0",
      "resolved": "https://registry.npmjs.org/@types/express-serve-static-core/-/express-serve-static-core-4.19.0.tgz",
      "integrity": "sha512-Y8P3A+w7eH4SjK2cRhQ9hD2n8wA6uUirT64cDXT5z0r1/76xMvCgMvG3v2mwmrXJvjY5/dF2e13s802dGIbMQ==",
      "dev": true,
      "dependencies": {
        "@types/node": "*",
        "@types/qs": "*",
        "@types/range-parser": "*"
      }
    },
    "node_modules/@types/node": {
      "version": "20.14.2",
      "resolved": "https://registry.npmjs.org/@types/node/-/node-20.14.2.tgz",
      "integrity": "sha512-xyu66S26hiH20SCLqFRj5zWHIeEu/5X9K0n8wr0Ya6PN0QWnbO8r3HxN210ncpwe2s4M3s1wXl22/L0l4Qx9rA==",
      "dev": true,
      "dependencies": {
        "undici-types": "~5.26.4"
      }
    },
    "node_modules/@types/pg": {
      "version": "8.11.6",
      "resolved": "https://registry.npmjs.org/@types/pg/-/pg-8.11.6.tgz",
      "integrity": "sha512-s/a/a2Wf0G5rHy1Xnz1875X3G8Cj+6kUf3kY7pQ2Fw32vIGwGGThPqL3+p2p9j/3S+A3wGv20+57pX0gOqA1g==",
      "dev": true,
      "dependencies": {
        "@types/node": "*",
        "pg-protocol": "^1.5.0",
        "pg-types": "^2.2.0"
      }
    },
    "node_modules/@types/qs": {
      "version": "6.9.15",
      "resolved": "https://registry.npmjs.org/@types/qs/-/qs-6.9.15.tgz",
      "integrity": "sha512-C8C1F4b/2KS4Lw/fdqQprt9MMQ2VZe0s9p4z3F11u24/jcgxQ/wdxsV3/3e9g/T4t5S4s3l3/ACw7373A/s2kw==",
      "dev": true
    },
    "node_modules/@types/range-parser": {
      "version": "1.2.7",
      "resolved": "https://registry.npmjs.org/@types/range-parser/-/range-parser-1.2.7.tgz",
      "integrity": "sha512-hKormJGlRg8G2n+LjmeG4iNk4B2pATAzodg823JkH3cPS/tN6g2M2Fq+7kv7/46n32/p2G9x6PZXzxt8bIhNQA==",
      "dev": true
    },
    "node_modules/@types/serve-static": {
      "version": "1.15.7",
      "resolved": "https://registry.npmjs.org/@types/serve-static/-/serve-static-1.15.7.tgz",
      "integrity": "sha512-Y42u7y0M2s3tLgTU+49zLPAzB17e4hieTfIM9/mQpLWQ7dRbp5+52p4D4vQndqHdei/z6Fk32O3n/4gMAsvTrg==",
      "dev": true,
      "dependencies": {
        "@types/node": "*"
      }
    },
    "node_modules/@types/uuid": {
      "version": "9.0.8",
      "resolved": "https://registry.npmjs.org/@types/uuid/-/uuid-9.0.8.tgz",
      "integrity": "sha512-XtEDr2T309f53eKbswec2yvHr0l9slgG1fsxv/C6Y9Ra46A36bJU4g/i0X121c2Ie6O2mI2l17XFCi6PNmBmA==",
      "dev": true
    },
    "node_modules/abbrev": {
      "version": "1.1.1",
      "resolved": "https://registry.npmjs.org/abbrev/-/abbrev-1.1.1.tgz",
      "integrity": "sha512-nne9/IiQ/hzIhY6pdDnbBtz7DjPTKrY00P/zvPSm5pOFkl6xuGrGnXn/VtTNNfNtAfZ9/1RtehkszU92Ea80tw==",
      "dev": true
    },
    "node_modules/accepts": {
      "version": "1.3.8",
      "resolved": "https://registry.npmjs.org/accepts/-/accepts-1.3.8.tgz",
      "integrity": "sha512-PYAthTa2m2sp+ns9icvGlKzEusZlo0CIOLmAmsUjA6PgotfAX13Abk3ifdyNb7vGTWa7XPOdjpP9+5Al5WYcPQ==",
      "dependencies": {
        "mime-types": "~2.1.34",
        "negotiator": "0.6.3"
      },
      "engines": {
        "node": ">= 0.6"
      }
    },
    "node_modules/acorn": {
      "version": "8.11.3",
      "resolved": "https://registry.npmjs.org/acorn/-/acorn-8.11.3.tgz",
      "integrity": "sha512-Y9r+f5C5upP3D62kdLCiI7Q3-dJAt2a/8+fW62h2aTjx1sRk80Bw2SPBAenwunf0Orr8e3oG29yY/Xz3W77ffA==",
      "dev": true,
      "bin": {
        "acorn": "bin/acorn"
      },
      "engines": {
        "node": ">=0.4.0"
      }
    },
    "node_modules/acorn-walk": {
      "version": "8.3.2",
      "resolved": "https://registry.npmjs.org/acorn-walk/-/acorn-walk-8.3.2.tgz",
      "integrity": "sha512-83rQIZkpqfStLSP3Sj3wF357FzDfQ3/b/s3jE2eP0d2n/g32bQjS32T5/9x/HCAjOaN6d3dJ2bhm2v4e+yHUA==",
      "dev": true,
      "engines": {
        "node": ">=0.4.0"
      }
    },
    "node_modules/agent-base": {
      "version": "6.0.2",
      "resolved": "https://registry.npmjs.org/agent-base/-/agent-base-6.0.2.tgz",
      "integrity": "sha512-RZNwNclF7+xL3y6tE3J2QSONtuupwft2iIJQlKLvN+B0tcnFxucHqPs3gI4uxtXxLALUCdeJExs2f2iL+gTu0g==",
      "dependencies": {
        "debug": "4"
      },
      "engines": {
        "node": ">= 6.0.0"
      }
    },
    "node_modules/anymatch": {
      "version": "3.1.3",
      "resolved": "https://registry.npmjs.org/anymatch/-/anymatch-3.1.3.tgz",
      "integrity": "sha512-KMReFUr0B4t+D+OBkjR3KYqvocp2XaSzO55U3iFEAnG19SS/GO3sVeu+gj6O/yhp3SSZ+JMSm8oo7Ad2EecZQw==",
      "dev": true,
      "dependencies": {
        "normalize-path": "^3.0.0",
        "picomatch": "^2.0.4"
      },
      "engines": {
        "node": ">= 8"
      }
    },
    "node_modules/arg": {
      "version": "4.1.3",
      "resolved": "https://registry.npmjs.org/arg/-/arg-4.1.3.tgz",
      "integrity": "sha512-eSkhbxtvcVIfNOIIvtBDmr+UNbepCe9975IAPwd2qarghQrYlYV5sowc3LPCnNpnZYp5lqXYB6n22ySLadvo6Q==",
      "dev": true
    },
    "node_modules/array-flatten": {
      "version": "1.1.1",
      "resolved": "https://registry.npmjs.org/array-flatten/-/array-flatten-1.1.1.tgz",
      "integrity": "sha512-PCVAQswWkS2wMoP9bEBY6iEM8hNq8us2QfgvDmv2Qk/Fv2lEC8W/F/pAi3NBXm3s2yYhGvy7Ew0sW/6j5wPXw=="
    },
    "node_modules/balanced-match": {
      "version": "1.0.2",
      "resolved": "https://registry.npmjs.org/balanced-match/-/balanced-match-1.0.2.tgz",
      "integrity": "sha512-3oSeUO0TMV67hN1AmbXsK4yaqU7tiiYEA71P4vAIENJ1zkvGUNEbscgVfgXMz6979AyBb+Vc1B2YKDQIYwvKENg==",
      "dev": true
    },
    "node_modules/binary-extensions": {
      "version": "2.3.0",
      "resolved": "https://registry.npmjs.org/binary-extensions/-/binary-extensions-2.3.0.tgz",
      "integrity": "sha512-Q4rFYq8x6F92I6ROAYmy6h/uf3a2KLaaSSisbL2T3w2pCIwUp31yFl3QL72p2t4z3s4lY4E3K2h8y5/5tYk+DA==",
      "dev": true,
      "engines": {
        "node": ">=8"
      }
    },
    "node_modules/body-parser": {
      "version": "1.20.2",
      "resolved": "https://registry.npmjs.org/body-parser/-/body-parser-1.20.2.tgz",
      "integrity": "sha512-ml9pReCu3M61kGlqoCo2MmwZ3LDzaI6B9ceLpbfEDLSjETj+6RUIa6Z1eXzy32D1AhwTwk0gOK3uqadOdC5bLA==",
      "dependencies": {
        "bytes": "3.1.2",
        "content-type": "~1.0.5",
        "debug": "2.6.9",
        "depd": "2.0.0",
        "destroy": "1.2.0",
        "http-errors": "2.0.0",
        "iconv-lite": "0.4.24",
        "on-finished": "2.4.1",
        "qs": "6.11.0",
        "raw-body": "2.5.2",
        "type-is": "~1.6.18",
        "unpipe": "1.0.0"
      },
      "engines": {
        "node": ">= 0.8",
        "npm": "1.2.8000 || >= 1.4.16"
      }
    },
    "node_modules/brace-expansion": {
      "version": "1.1.11",
      "resolved": "https://registry.npmjs.org/brace-expansion/-/brace-expansion-1.1.11.tgz",
      "integrity": "sha512-iCuPHDFgrHX7H2vEI/5xpz07zSHB00TpugqhmYtVmMO6518mCuRMoOYFldEBl0g187ufozdaHgWKcYFb61qGiA==",
      "dev": true,
      "dependencies": {
        "balanced-match": "^1.0.0",
        "concat-map": "0.0.1"
      }
    },
    "node_modules/braces": {
      "version": "3.0.3",
      "resolved": "https://registry.npmjs.org/braces/-/braces-3.0.3.tgz",
      "integrity": "sha512-yQbXgO/OSZp/KXXF3354c93v6T2Q6/O6k3az2zEe4v5iBG3scf8/W0+22qjd2cO26gp42N/wT20Iu2b+kLcDg==",
      "dev": true,
      "dependencies": {
        "fill-range": "^7.0.1"
      },
      "engines": {
        "node": ">=8"
      }
    },
    "node_modules/buffer-equal-constant-time": {
      "version": "1.0.1",
      "resolved": "https://registry.npmjs.org/buffer-equal-constant-time/-/buffer-equal-constant-time-1.0.1.tgz",
      "integrity": "sha512-zRpUiBocfhCwz7sfzUo4wQTLLhsyLFzC3cuOhbth/I9ATh9aY8h2uyyVegkA/CWw673F/ACr9e5HkED3qY2fBQ==",
      "dev": true
    },
    "node_modules/bytes": {
      "version": "3.1.2",
      "resolved": "https://registry.npmjs.org/bytes/-/bytes-3.1.2.tgz",
      "integrity": "sha512-9fsp3K4wEDcZkO2I+gbuS61TixO1hQo4T4f4Sg5jI4K7t378DEhA8BG823v/m3vV3sWXZXk6jdLw2g5g7xEFBA==",
      "engines": {
        "node": ">= 0.8"
      }
    },
    "node_modules/call-bind": {
      "version": "1.0.7",
      "resolved": "https://registry.npmjs.org/call-bind/-/call-bind-1.0.7.tgz",
      "integrity": "sha512-G3nBQI3YB36+DDAi4/sZNX2RXK40Iqn5Qj2m23B33l4G7T3/88W366iVda/GoxSSAh7Af1sH8gI2xxRsa9StGA==",
      "dependencies": {
        "function-bind": "^1.1.2",
        "get-intrinsic": "^1.2.4",
        "set-function-length": "^1.2.2"
      },
      "funding": {
        "url": "https://github.com/sponsors/ljharb"
      }
    },
    "node_modules/chokidar": {
      "version": "3.6.0",
      "resolved": "https://registry.npmjs.org/chokidar/-/chokidar-3.6.0.tgz",
      "integrity": "sha512-7VT13fmJBJecmaYpn2gI739Iqt+3/2g77q3c1G60T3/V5m5vV14kRiIJYQ3d2fG3354spr53J4A3b47gD1gPUA==",
      "dev": true,
      "funding": [
        {
          "type": "individual",
          "url": "https://paulmillr.com/funding/"
        }
      ],
      "dependencies": {
        "anymatch": "~3.1.2",
        "braces": "~3.0.2",
        "glob-parent": "~5.1.2",
        "is-binary-path": "~2.1.0",
        "is-glob": "~4.0.1",
        "normalize-path": "~3.0.0",
        "readdirp": "~3.6.0"
      },
      "engines": {
        "node": ">= 8.10.0"
      },
      "optionalDependencies": {
        "fsevents": "~2.3.2"
      }
    },
    "node_modules/concat-map": {
      "version": "0.0.1",
      "resolved": "https://registry.npmjs.org/concat-map/-/concat-map-0.0.1.tgz",
      "integrity": "sha512-QAY+XR3grevAIK2l5+I5kLnHs41xTrd4slEnC49Gl6k3OPfUe+x6Vvgu3aCbfiR2v3e2dJ+yv2wocw4aSA3kSA==",
      "dev": true
    },
    "node_modules/content-disposition": {
      "version": "0.5.4",
      "resolved": "https://registry.npmjs.org/content-disposition/-/content-disposition-0.5.4.tgz",
      "integrity": "sha512-FveZTNuGw04cTCJnZrYWaFqPjT3cFF3rdQX+T9uJKEpO1BEjzBFLIbXfBeiooB5JOF066Rx8tkeAEr71Gwi4Pg==",
      "dependencies": {
        "safe-buffer": "5.2.1"
      },
      "engines": {
        "node": ">= 0.6"
      }
    },
    "node_modules/content-type": {
      "version": "1.0.5",
      "resolved": "https://registry.npmjs.org/content-type/-/content-type-1.0.5.tgz",
      "integrity": "sha512-nTjqfcBFEipKdXCv4YDQVEulS9puWeKwn/KynU6RUtpClWLaRNWSD+1kGflscs2S3i2eOaH53632hAnBeX+1bQ==",
      "engines": {
        "node": ">= 0.6"
      }
    },
    "node_modules/cookie": {
      "version": "0.5.0",
      "resolved": "https://registry.npmjs.org/cookie/-/cookie-0.5.0.tgz",
      "integrity": "sha512-4d6M3suQb5fDk+4YvrRclOg9OEvaWh7AFv3OFY2Nlv2L1c4JbxyX6y4M5V17AG2sB/1H393cGm4iTJ1S+vD42g==",
      "engines": {
        "node": ">= 0.6"
      }
    },
    "node_modules/cookie-signature": {
      "version": "1.0.6",
      "resolved": "https://registry.npmjs.org/cookie-signature/-/cookie-signature-1.0.6.tgz",
      "integrity": "sha512-QADzlaHc8icV8I7vba4w3/OFa6hcd3AGmL/C30wOI8vbmHi/DR04s+A2L6x3I/o2n9S63zS5b7A6BMyIg259dQ=="
    },
    "node_modules/cors": {
      "version": "2.8.5",
      "resolved": "https://registry.npmjs.org/cors/-/cors-2.8.5.tgz",
      "integrity": "sha512-II+l+uVbOxFcTCTC9i+EaOhx2d6jSm7zOKnkJ6R9dkPPq9oFq3qA7R2eLP3b4w532/wbnocvBeTtr7AUkyEnOQ==",
      "dependencies": {
        "object-assign": "^4",
        "vary": "^1"
      },
      "engines": {
        "node": ">= 0.10"
      }
    },
    "node_modules/create-require": {
      "version": "1.1.1",
      "resolved": "https://registry.npmjs.org/create-require/-/create-require-1.1.1.tgz",
      "integrity": "sha512-dcKFX3jn0MpIaXj6IxfWo3M3UcB6i7z/n/jAV+Gg8zCOJ383d4JH1s746+ltLg+vjPQb7R72wTP5g21J/3s22A==",
      "dev": true
    },
    "node_modules/debug": {
      "version": "4.3.5",
      "resolved": "https://registry.npmjs.org/debug/-/debug-4.3.5.tgz",
      "integrity": "sha512-Y23cH2WI/moa9a23La1CKcaWTwL0wLEVcNYADHSAnB0Lreq2U5J3j2/Qonf4Qdvor6e7/0W90cEAVD233K3YcQ==",
      "dependencies": {
        "ms": "2.1.2"
      },
      "engines": {
        "node": ">=6.0"
      },
      "peerDependenciesMeta": {
        "supports-color": {
          "optional": true
        }
      }
    },
    "node_modules/define-data-property": {
      "version": "1.1.4",
      "resolved": "https://registry.npmjs.org/define-data-property/-/define-data-property-1.1.4.tgz",
      "integrity": "sha512-rBM6B4vx+3zr1NfD1l82wzP8Stz4b4O+1I4Sj2X52/bky7sY+DbK4/eXa1BYy3ASxZe/sNCJVA3cIE2g7cZ4uw==",
      "dependencies": {
        "get-intrinsic": "^1.2.4",
        "gopd": "^1.0.1",
        "has-property-descriptors": "^1.0.2"
      },
      "engines": {
        "node": ">= 0.4"
      }
    },
    "node_modules/depd": {
      "version": "2.0.0",
      "resolved": "https://registry.npmjs.org/depd/-/depd-2.0.0.tgz",
      "integrity": "sha512-g7FaeBw6uOtXyGTaM8W2rdosGgWd2w5goIO7eA80vDfdJ409LCaxAoo774QssIbHqg4teoc7gxyEz1OkoW2r0A==",
      "engines": {
        "node": ">= 0.8"
      }
    },
    "node_modules/destroy": {
      "version": "1.2.0",
      "resolved": "https://registry.npmjs.org/destroy/-/destroy-1.2.0.tgz",
      "integrity": "sha512-2sJGJ+2PIIKAe0T2fG9L4hDtrd3kiKVRhxJercgBBuB0+10GzCf5I3XAZv4jhmABruCgSpih4DbaN38xohcUYg==",
      "engines": {
        "node": ">= 0.8",
        "npm": "1.2.8000 || >= 1.4.16"
      }
    },
    "node_modules/diff": {
      "version": "4.0.2",
      "resolved": "https://registry.npmjs.org/diff/-/diff-4.0.2.tgz",
      "integrity": "sha512-58T1+QoVZED3np547AFkS45xln3sE+jzDRwRDW3wM+feCDmJ8ktuidMW+F4hbI0g9WcNGs4veGkLkk3CIbB0gA==",
      "dev": true,
      "engines": {
        "node": ">=0.3.1"
      }
    },
    "node_modules/ecdsa-sig-formatter": {
      "version": "1.0.11",
      "resolved": "https://registry.npmjs.org/ecdsa-sig-formatter/-/ecdsa-sig-formatter-1.0.11.tgz",
      "integrity": "sha512-ncr3OY9vCUmV+Ae/28E9T8/kTM7g1C/iBenT5b/9+S5G/2VmMJ3jB53v4R/+u2I013620g2a23J25+t59gOKdg==",
      "dev": true,
      "dependencies": {
        "safe-buffer": "^5.0.1"
      }
    },
    "node_modules/ee-first": {
      "version": "1.1.1",
      "resolved": "https://registry.npmjs.org/ee-first/-/ee-first-1.1.1.tgz",
      "integrity": "sha512-WMwm9LhRUo+WUaRN+vRuETqG89IgZphVSNkdFgeb6sS/E4AN+NyScvoDieMky9vdyTPal4KTYaF7gNdBl7zzOg=="
    },
    "node_modules/encodeurl": {
      "version": "1.0.2",
      "resolved": "https://registry.npmjs.org/encodeurl/-/encodeurl-1.0.2.tgz",
      "integrity": "sha512-H/Lse3J0M20EtyRClgVWx3cTOD2uGv24/tHy9vDqgksk+Pa40j6u41/2GEF+QzTkOqbi0038i1f7fWJb/3D2ug==",
      "engines": {
        "node": ">= 0.8"
      }
    },
    "node_modules/engine.io": {
      "version": "6.5.4",
      "resolved": "https://registry.npmjs.org/engine.io/-/engine.io-6.5.4.tgz",
      "integrity": "sha512-i6S2I844zOTF9e3/9dcx16x1iDNs1fI3UGgXRyTSkEXy/Q1qB2fFicOPsiD3Mg41ruVumL33KM83xLg2r2+V/Q==",
      "dependencies": {
        "accepts": "~1.3.4",
        "base64id": "~2.0.0",
        "cors": "~2.8.5",
        "debug": "~4.3.2",
        "engine.io-parser": "~5.2.2",
        "ws": "~8.11.0"
      },
      "engines": {
        "node": ">=10.0.0"
      }
    },
    "node_modules/engine.io-client": {
      "version": "6.5.3",
      "resolved": "https://registry.npmjs.org/engine.io-client/-/engine.io-client-6.5.3.tgz",
      "integrity": "sha512-XhQx2uN/D3dgy7NliJqF+o4j4e70eLTDG5G/65FDD02xJ2d/u2+u/2JzJ1cE6aT91pQJee/yA2a1P1hS8701Q==",
      "dependencies": {
        "@socket.io/component-emitter": "~3.1.0",
        "debug": "~4.3.2",
        "engine.io-parser": "~5.2.2",
        "ws": "~8.11.0",
        "xmlhttprequest-ssl": "~2.1.0"
      },
      "engines": {
        "node": ">=10.0.0"
      },
      "optionalDependencies": {
        "bufferutil": "~4.0.1",
        "utf-8-validate": "~5.0.2"
      }
    },
    "node_modules/engine.io-parser": {
      "version": "5.2.2",
      "resolved": "https://registry.npmjs.org/engine.io-parser/-/engine.io-parser-5.2.2.tgz",
      "integrity": "sha512-v4b17efeK3g54L382u3sTzXiX+1TfQ8wOmRX5Ie+sQk5l/5z2Vv7/p8d1g3Kuu4JqD4I63n/8rSNePdFv6g1Q==",
      "dependencies": {
        "base64-arraybuffer": "~1.0.1"
      },
      "engines": {
        "node": ">=10.0.0"
      }
    },
    "node_modules/escape-html": {
      "version": "1.0.3",
      "resolved": "https://registry.npmjs.org/escape-html/-/escape-html-1.0.3.tgz",
      "integrity": "sha512-NiSupZ4A6J38vE1/sF2r+xNazsP1ln/sO2z2u2Z8o2p1kZD563n/hA79C3I0TE4uJ1bE3v+j7T2y/XumfKzUg=="
    },
    "node_modules/etag": {
      "version": "1.8.1",
      "resolved": "https://registry.npmjs.org/etag/-/etag-1.8.1.tgz",
      "integrity": "sha512-aCHL/afrE0iAepKzHe/p7lWkEw9w/I+sB43OkveDU2xTMr+yincwDizIeC3lVvB/J/TKhbC4z706xLrq2S3mAw==",
      "engines": {
        "node": ">= 0.6"
      }
    },
    "node_modules/express": {
      "version": "4.19.2",
      "resolved": "https://registry.npmjs.org/express/-/express-4.19.2.tgz",
      "integrity": "sha512-5T6nhjsT+32+Td23/2g5hR8uYrpD32s51I3Iq5ofKCP6M4aJDej4/uk/2vSssi5n/z/iaDRsQAsvjS2o3n3vPA==",
      "dependencies": {
        "accepts": "~1.3.8",
        "array-flatten": "1.1.1",
        "body-parser": "1.20.2",
        "content-disposition": "0.5.4",
        "content-type": "~1.0.4",
        "cookie": "0.5.0",
        "cookie-signature": "1.0.6",
        "debug": "2.6.9",
        "depd": "2.0.0",
        "encodeurl": "~1.0.2",
        "escape-html": "~1.0.3",
        "etag": "~1.8.1",
        "finalhandler": "1.2.0",
        "fresh": "0.5.2",
        "http-errors": "2.0.0",
        "merge-descriptors": "1.0.1",
        "methods": "~1.1.2",
        "on-finished": "2.4.1",
        "parseurl": "~1.3.3",
        "path-to-regexp": "0.1.7",
        "proxy-addr": "~2.0.7",
        "qs": "6.11.0",
        "range-parser": "~1.2.1",
        "safe-buffer": "5.2.1",
        "send": "0.18.0",
        "serve-static": "1.15.0",
        "setprototypeof": "1.2.0",
        "statuses": "2.0.1",
        "type-is": "~1.6.18",
        "utils-flatten": "1.0.1",
        "vary": "~1.1.2"
      },
      "engines": {
        "node": ">= 0.10.0"
      }
    },
    "node_modules/express/node_modules/debug": {
      "version": "2.6.9",
      "resolved": "https://registry.npmjs.org/debug/-/debug-2.6.9.tgz",
      "integrity": "sha512-bC7ElrdJaJnPbAP+1E4jJb9DRJdBSrAiiOoSoHD3s9omNPYCRxUWLPY0S++rFSxPHpBw1G2NBZpre3PBErwpQQ==",
      "dependencies": {
        "ms": "2.0.0"
      }
    },
    "node_modules/express/node_modules/ms": {
      "version": "2.0.0",
      "resolved": "https://registry.npmjs.org/ms/-/ms-2.0.0.tgz",
      "integrity": "sha512-Tpp60P6IUJDTuOq/5Z8cdskzJdAbkJTWbKkZwMHKO01n2uW+G0VIUPKj2aSoPDzTgpDAnTgh64zPbeAizKiALA=="
    },
    "node_modules/faye-websocket": {
      "version": "0.11.4",
      "resolved": "https://registry.npmjs.org/faye-websocket/-/faye-websocket-0.11.4.tgz",
      "integrity": "sha512-P10nME6U4i82LLSNo4Y0o703tPQupFCsTzLCsk/+QAM3TMy2wKCMyu2z30TPnIs9vGvJzu6DErCiA/N0b6myFA==",
      "dependencies": {
        "websocket-driver": ">=0.5.1"
      },
      "engines": {
        "node": ">=0.8.0"
      }
    },
    "node_modules/fill-range": {
      "version": "7.0.1",
      "resolved": "https://registry.npmjs.org/fill-range/-/fill-range-7.0.1.tgz",
      "integrity": "sha512-qOo9F+dMtkC+iCb8go0dluCiUAp2LbAIKFb4EXx/dB9ffKzqIFjT1kxCXMyb0blm5PlxRzaA4eg2A3DpjeA4pQ==",
      "dev": true,
      "dependencies": {
        "to-regex-range": "^5.0.1"
      },
      "engines": {
        "node": ">=8"
      }
    },
    "node_modules/finalhandler": {
      "version": "1.2.0",
      "resolved": "https://registry.npmjs.org/finalhandler/-/finalhandler-1.2.0.tgz",
      "integrity": "sha512-5uXcUVftlQjbRqL2wZd3vnSk9kOKwr/3PJMNY3+3lRClvuLhLXoEcXysRUI+Kz3+EwVm2xR2O6TqvyxbO3M4iA==",
      "dependencies": {
        "debug": "2.6.9",
        "encodeurl": "~1.0.2",
        "escape-html": "~1.0.3",
        "on-finished": "2.4.1",
        "parseurl": "~1.3.3",
        "statuses": "2.0.1",
        "unpipe": "~1.0.0"
      },
      "engines": {
        "node": ">= 0.8"
      }
    },
    "node_modules/finalhandler/node_modules/debug": {
      "version": "2.6.9",
      "resolved": "https://registry.npmjs.org/debug/-/debug-2.6.9.tgz",
      "integrity": "sha512-bC7ElrdJaJnPbAP+1E4jJb9DRJdBSrAiiOoSoHD3s9omNPYCRxUWLPY0S++rFSxPHpBw1G2NBZpre3PBErwpQQ==",
      "dependencies": {
        "ms": "2.0.0"
      }
    },
    "node_modules/finalhandler/node_modules/ms": {
      "version": "2.0.0",
      "resolved": "https://registry.npmjs.org/ms/-/ms-2.0.0.tgz",
      "integrity": "sha512-Tpp60P6IUJDTuOq/5Z8cdskzJdAbkJTWbKkZwMHKO01n2uW+G0VIUPKj2aSoPDzTgpDAnTgh64zPbeAizKiALA=="
    },
    "node_modules/firebase-admin": {
      "version": "12.1.0",
      "resolved": "https://registry.npmjs.org/firebase-admin/-/firebase-admin-12.1.0.tgz",
      "integrity": "sha512-vD3M8PjYwz6+1zGT27Wf798pQJ1t4zW2zY3kNU4Qx9T202w/pYd2/i4xWf22NJVb1iP27FmsVvXbWeKkF/IeA==",
      "dependencies": {
        "agent-base": "^6.0.2",
        "gcp-metadata": "^6.1.0",
        "jose": "^4.14.4",
        "jsonwebtoken": "^9.0.0",
        "node-forge": "^1.3.1",
        "node-webrtc": "0.0.2",
        "uuid": "^9.0.0"
      },
      "engines": {
        "node": ">=18.0.0"
      }
    },
    "node_modules/forwarded": {
      "version": "0.2.0",
      "resolved": "https://registry.npmjs.org/forwarded/-/forwarded-0.2.0.tgz",
      "integrity": "sha512-buRG0fpk3ZvVCrveOBgQQ2WEp6zeP23In0ds/Qr/i31Ie7eD8vLz9cZXXN0LeSC8dL1u/9CqfAkN6xCfcrbM9w==",
      "engines": {
        "node": ">= 0.6"
      }
    },
    "node_modules/fresh": {
      "version": "0.5.2",
      "resolved": "https://registry.npmjs.org/fresh/-/fresh-0.5.2.tgz",
      "integrity": "sha512-zJ2mQYM18rEFOcSW4ZOUzJgA8+9I4Sfcbmrrc/ab/TDAeAaaZByfoDqXsdLicwKRaEOa2P5eMLzMy11vBHs97w==",
      "engines": {
        "node": ">= 0.6"
      }
    },
    "node_modules/fs.realpath": {
      "version": "1.0.0",
      "resolved": "https://registry.npmjs.org/fs.realpath/-/fs.realpath-1.0.0.tgz",
      "integrity": "sha512-OO0+6c23oL6p13flSlGk5bOa5k/33L0wpd2h4C1G22m9/Q5OM5/kX3/3xxQ/L1fA7V32p/i6UajM4b5Jz4A5A==",
      "dev": true
    },
    "node_modules/function-bind": {
      "version": "1.1.2",
      "resolved": "https://registry.npmjs.org/function-bind/-/function-bind-1.1.2.tgz",
      "integrity": "sha512-714uBgrbifmoTC+TwpTBG6JRrPFG3StAhIe223Gl5zL1w7Aa10BGy3K2yW/wAd+odpEV5r+I5pPSfYqIu2v4iQ==",
      "funding": {
        "url": "https://github.com/sponsors/ljharb"
      }
    },
    "node_modules/gcp-metadata": {
      "version": "6.1.0",
      "resolved": "https://registry.npmjs.org/gcp-metadata/-/gcp-metadata-6.1.0.tgz",
      "integrity": "sha512-nLp0Xv/051+7kETmB1yQkwsE4K/b0uZYGvJd7f5B28h+JqjA2u7f+hI/Q4oX3kL1W1Qy3/h/8J7iC6iow==",
      "dependencies": {
        "gaxios": "^6.0.0"
      },
      "engines": {
        "node": ">=14.0.0"
      }
    },
    "node_modules/get-intrinsic": {
      "version": "1.2.4",
      "resolved": "https://registry.npmjs.org/get-intrinsic/-/get-intrinsic-1.2.4.tgz",
      "integrity": "sha512-dOMabHh023i7w9mKnEnSv+jXKn3GS7ul/I3kG13c19XyBTY9Q665i2f+xJGLK63Y3o7xDAcs5Rhr32QIbza+yA==",
      "dependencies": {
        "es-errors": "^1.3.0",
        "function-bind": "^1.1.2",
        "has-proto": "^1.0.3",
        "has-symbols": "^1.0.3",
        "hasown": "^2.0.2"
      },
      "funding": {
        "url": "https://github.com/sponsors/ljharb"
      }
    },
    "node_modules/glob": {
      "version": "7.2.3",
      "resolved": "https://registry.npmjs.org/glob/-/glob-7.2.3.tgz",
      "integrity": "sha512-nFR0zLpU2YCaRxwoEdvLglzVaHttpStatusCode/pkyE2pjw0I8/v+D0o1zCwGvffm3sACW3IuMvWAFsKTMX9vr2w5pL6eA==",
      "dev": true,
      "dependencies": {
        "fs.realpath": "^1.0.0",
        "inflight": "^1.0.4",
        "inherits": "2",
        "minimatch": "^3.0.4",
        "once": "^1.3.0",
        "path-is-absolute": "^1.0.0"
      },
      "engines": {
        "node": "*"
      },
      "funding": {
        "url": "https://github.com/sponsors/isaacs"
      }
    },
    "node_modules/glob-parent": {
      "version": "5.1.2",
      "resolved": "https://registry.npmjs.org/glob-parent/-/glob-parent-5.1.2.tgz",
      "integrity": "sha512-AOIgSQCepiJYwP3ARGejW58KatLbTCgsaInpSp+GGlmF0JL58E9cZOS68iXpL3v7Kq5Tchm3AbNOggsDsfWbNw==",
      "dev": true,
      "dependencies": {
        "is-glob": "^4.0.1"
      },
      "engines": {
        "node": ">= 6"
      }
    },
    "node_modules/gopd": {
      "version": "1.0.1",
      "resolved": "https://registry.npmjs.org/gopd/-/gopd-1.0.1.tgz",
      "integrity": "sha512-d1tATH1P4r4sQ1nFmC3wbs/yAaTh44x0iC5P3WMAo90Y64i/m9MFrjyi5/X7NAESbA5g372d8s/zIno4gXscXQ==",
      "dependencies": {
        "get-intrinsic": "^1.1.3"
      },
      "funding": {
        "url": "https://github.com/sponsors/ljharb"
      }
    },
    "node_modules/has-property-descriptors": {
      "version": "1.0.2",
      "resolved": "https://registry.npmjs.org/has-property-descriptors/-/has-property-descriptors-1.0.2.tgz",
      "integrity": "sha512-55U2iOOy627iLPz0Inq+T4jXnU22a4mtehL4+E2m2q053d2rOkY2a5gkyrZYy7hHn582p0xO26B+gTCspXy9aQ==",
      "dependencies": {
        "es-errors": "^1.3.0"
      },
      "funding": {
        "url": "https://github.com/sponsors/ljharb"
      }
    },
    "node_modules/has-proto": {
      "version": "1.0.3",
      "resolved": "https://registry.npmjs.org/has-proto/-/has-proto-1.0.3.tgz",
      "integrity": "sha512-SJ1amAUH8gY/2F5d832gVJP31iB2aD6iT911VUd9goiO3+NlYVf53P/qaQ7sVTfWdGnpIq/Xc/53gA5T8fDczQ==",
      "engines": {
        "node": ">= 0.4"
      },
      "funding": {
        "url": "https://github.com/sponsors/ljharb"
      }
    },
    "node_modules/has-symbols": {
      "version": "1.0.3",
      "resolved": "https://registry.npmjs.org/has-symbols/-/has-symbols-1.0.3.tgz",
      "integrity": "sha512-l3LCuF6NfjUGwW3wfbJgNlVmlwFeCAEi9/it2pSt3xS 件数 too many files to scan, exceeding limit of 10,000.",
      "engines": {
        "node": ">= 0.4"
      },
      "funding": {
        "url": "https://github.com/sponsors/ljharb"
      }
    },
    "node_modules/hasown": {
      "version": "2.0.2",
      "resolved": "https://registry.npmjs.org/hasown/-/hasown-2.0.2.tgz",
      "integrity": "sha512-VAwOMRScewP/L+2/b5AMF2g0v3S2f2nR1wPtP38oVI49F+Lg1pA384CSx1t63KxV68yQ13rkY/AO3iBf30VRA==",
      "dependencies": {
        "function-bind": "^1.1.2"
      },
      "engines": {
        "node": ">= 0.4"
      }
    },
    "node_modules/http-errors": {
      "version": "2.0.0",
      "resolved": "https://registry.npmjs.org/http-errors/-/http-errors-2.0.0.tgz",
      "integrity": "sha512-RmhBMo3b4l1mDu6pd3G/p9P7dK63/vTSnBuBpklY6Wjlw4TOvs0J4ALgwBvMyfF74j1b/J0b6vgrssO891pgoQ==",
      "dependencies": {
        "depd": "2.0.0",
        "inherits": "2.0.4",
        "setprototypeof": "1.2.0",
        "statuses": "2.0.1",
        "toidentifier": "1.0.1"
      },
      "engines": {
        "node": ">= 0.8"
      }
    },
    "node_modules/https-proxy-agent": {
      "version": "5.0.0",
      "resolved": "https://registry.npmjs.org/https-proxy-agent/-/https-proxy-agent-5.0.0.tgz",
      "integrity": "sha512-n2p/Y0bcN1Vbt5p6D4m4IIeP74Q3j8wL4hNDmqT9a1AahcOMiI/2wrw0G1d2/b4F0s1kNAbA7qLh3dU26YPaA==",
      "dependencies": {
        "agent-base": "6",
        "debug": "4"
      },
      "engines": {
        "node": ">= 6"
      }
    },
    "node_modules/iconv-lite": {
      "version": "0.4.24",
      "resolved": "https://registry.npmjs.org/iconv-lite/-/iconv-lite-0.4.24.tgz",
      "integrity": "sha512-v3MXnZAcvnywkADNutN+fP8SUTxv3r5Rm0xe4occlSIl4gUJAdmmk8r3l4e2zPGY3IBkPXPHeNadaBHxpbe6+A==",
      "dependencies": {
        "safer-buffer": ">= 2.1.2 < 3"
      },
      "engines": {
        "node": ">=0.10.0"
      }
    },
    "node_modules/ignore-by-default": {
      "version": "1.0.1",
      "resolved": "https://registry.npmjs.org/ignore-by-default/-/ignore-by-default-1.0.1.tgz",
      "integrity": "sha512-Ius2VYcgnk7T90CppJqcIkS5ooHciAb/WjkiUeVuZvZ7/m5oJpjpHbb2rMmAHDmM4B0GM9ApYTD3o74uXBa4gw==",
      "dev": true
    },
    "node_modules/inflight": {
      "version": "1.0.6",
      "resolved": "https://registry.npmjs.org/inflight/-/inflight-1.0.6.tgz",
      "integrity": "sha512-k92I/b08q4wvFscXCLjfsfgUSOlr/DJjA9CgyHcZvTh3sCFEvt8wTGqJSMCenTSStk/mdz/1bM/k/ZxttEzz2g==",
      "dev": true,
      "dependencies": {
        "once": "^1.3.0",
        "wrappy": "1"
      }
    },
    "node_modules/inherits": {
      "version": "2.0.4",
      "resolved": "https://registry.npmjs.org/inherits/-/inherits-2.0.4.tgz",
      "integrity": "sha512-k/vGaX4/Yla3Wb6FjgpfrmElw3XG+2oZg75mszMS7kyMAeCDNKN8PYrPPbnPAfLX5TRNY4oNSS6gP70C7Vwtlg=="
    },
    "node_modules/ipaddr.js": {
      "version": "1.9.1",
      "resolved": "https://registry.npmjs.org/ipaddr.js/-/ipaddr.js-1.9.1.tgz",
      "integrity": "sha512-0KI/607xoxSToH7GjN1FfSbLoU0+btTicjsQSWQveFzOFII2IcYyrLeQD3KaGHVB6LAvbxyIAbXBwogOCWSaA==",
      "engines": {
        "node": ">= 0.10"
      }
    },
    "node_modules/is-binary-path": {
      "version": "2.1.0",
      "resolved": "https://registry.npmjs.org/is-binary-path/-/is-binary-path-2.1.0.tgz",
      "integrity": "sha512-ZzjnRsPps9sBH/3tZD8llZp7LoI6ECjMKfLh44qE2vltYUk+g9G07jZ9uCEFsrJ/XIsE5A1qTPwgh0AlEBg3pw==",
      "dev": true,
      "dependencies": {
        "binary-extensions": "^2.0.0"
      },
      "engines": {
        "node": ">=8"
      }
    },
    "node_modules/is-extglob": {
      "version": "2.1.1",
      "resolved": "https://registry.npmjs.org/is-extglob/-/is-extglob-2.1.1.tgz",
      "integrity": "sha512-2lwCGZ0nAdvY6pUAmSEEIn2w0k23bIjd3wDs9I6/kELCv1nd34eT060D/B60N3bM3pVsBuxk52SUztSj2hEW6A==",
      "dev": true,
      "engines": {
        "node": ">=0.10.0"
      }
    },
    "node_modules/is-glob": {
      "version": "4.0.3",
      "resolved": "https://registry.npmjs.org/is-glob/-/is-glob-4.0.3.tgz",
      "integrity": "sha512-xelSayIuTMAs90n8oN2+i6d+Ab90wNB39oh2iE6iZ6Bim1x2a4e6w52h/8dkrL/x7ZcQnL0J/N9g93w23w3wA==",
      "dev": true,
      "dependencies": {
        "is-extglob": "^2.1.1"
      },
      "engines": {
        "node": ">=0.10.0"
      }
    },
    "node_modules/is-number": {
      "version": "7.0.0",
      "resolved": "https://registry.npmjs.org/is-number/-/is-number-7.0.0.tgz",
      "integrity": "sha512-41Cifkg6e8TylSpdtTpeLVMqvSBEVzTttHvERD741+A2YVLh8UjBCXSPODe7YTDvgbr+53ly2cEN4wgh6iPcMw==",
      "dev": true,
      "engines": {
        "node": ">=0.12.0"
      }
    },
    "node_modules/is-plain-object": {
      "version": "5.0.0",
      "resolved": "https://registry.npmjs.org/is-plain-object/-/is-plain-object-5.0.0.tgz",
      "integrity": "sha512-VRSzKKBtS3gh17FAn5b4h4gYNBsFp2nN2bYgnsXpS8a23m89D/2Dwg9Fo8XoXwJ/cMyrWKKo+Xz7TdaQhP9wA==",
      "dev": true,
      "engines": {
        "node": ">=0.10.0"
      }
    },
    "node_modules/jose": {
      "version": "4.15.5",
      "resolved": "https://registry.npmjs.org/jose/-/jose-4.15.5.tgz",
      "integrity": "sha512-F5e/7/vF1a3mP0d6Me+/wwn1+4g19nImeG8/I2pVW3pIAhFvj1I9G0Di0lBvY2CVuJz/4Rg9S1A1/MSX2bX+Pg==",
      "dev": true,
      "engines": {
        "node": ">=12.20.0"
      },
      "funding": {
        "url": "https://github.com/sponsors/panva"
      }
    },
    "node_modules/jsonwebtoken": {
      "version": "9.0.2",
      "resolved": "https://registry.npmjs.org/jsonwebtoken/-/jsonwebtoken-9.0.2.tgz",
      "integrity": "sha512-PRp6A0/SkD54epOLLuD53valQ25s45+aP2P75g3d2/kTMiA/48Qe4GHs910o2tryAg8be3L050963XNVAu3pMw==",
      "dev": true,
      "dependencies": {
        "jws": "^3.2.2",
        "lodash.includes": "^4.3.0",
        "lodash.isboolean": "^3.0.3",
        "lodash.isinteger": "^4.0.4",
        "lodash.isnumber": "^3.0.3",
        "lodash.isplainobject": "^4.0.6",
        "lodash.isstring": "^4.0.1",
        "lodash.once": "^4.1.1",
        "semver": "^7.5.4"
      },
      "engines": {
        "node": ">=12",
        "npm": ">=6"
      }
    },
    "node_modules/jws": {
      "version": "3.2.2",
      "resolved": "https://registry.npmjs.org/jws/-/jws-3.2.2.tgz",
      "integrity": "sha512-YHl3n2MVQ2/KUnkFp2z4323bA3n3Am6zNn1kTd3p3/2f05p4k4urHDt3m41cIE4/m7zWGu2T9iP0sPgmAev5sQ==",
      "dev": true,
      "dependencies": {
        "jwa": "^1.4.1",
        "safe-buffer": "^5.0.1"
      }
    },
    "node_modules/jwa": {
      "version": "1.4.1",
      "resolved": "https://registry.npmjs.org/jwa/-/jwa-1.4.1.tgz",
      "integrity": "sha512-q251/1V4OUlyE5e3Ik3/3SGrgS5X3m/k/t2pXn4y+l1kF4eP0k+b82LzP3nI/63t3b30tkXbFtUnX/MxtsA==",
      "dev": true,
      "dependencies": {
        "buffer-equal-constant-time": "1.0.1",
        "ecdsa-sig-formatter": "1.0.11",
        "safe-buffer": "^5.0.1"
      }
    },
    "node_modules/lru-cache": {
      "version": "6.0.0",
      "resolved": "https://registry.npmjs.org/lru-cache/-/lru-cache-6.0.0.tgz",
      "integrity": "sha512-Jo6dJ04CmSjuznwJSS3pUeWmd/H0ffTlkXXgwne+qoy6iuLhBvrcsHfiCfGGaa95aeDb5emNBdou7bcLryKq9w==",
      "dev": true,
      "dependencies": {
        "yallist": "^4.0.0"
      },
      "engines": {
        "node": ">=10"
      }
    },
    "node_modules/make-error": {
      "version": "1.3.6",
      "resolved": "https://registry.npmjs.org/make-error/-/make-error-1.3.6.tgz",
      "integrity": "sha512-s8UhlNe7vpkqfRwB21GzDudgq4eYo1W+fj8wJ0p5K2L0OMuSO2234P4CST1I38/h5D1L0gjoUvQJSP3Awms3cA==",
      "dev": true
    },
    "node_modules/media-typer": {
      "version": "0.3.0",
      "resolved": "https://registry.npmjs.org/media-typer/-/media-typer-0.3.0.tgz",
      "integrity": "sha512-dq+qelQ9ak2adAmxNY5CBVL/AovlTtmFLHzCFXMe47kweIinFRxRCbhrvbr8N3Tkt/a31N06PCeOsCAMQ2vDRQ==",
      "engines": {
        "node": ">= 0.6"
      }
    },
    "node_modules/merge-descriptors": {
      "version": "1.0.1",
      "resolved": "https://registry.npmjs.org/merge-descriptors/-/merge-descriptors-1.0.1.tgz",
      "integrity": "sha512-cCi6g3/Zr1iqQi6ySbseM1Xvooa98N0w31jzUYrXPX2xqObmF8+keSJDPVl3II/GziGza7aMaAbrhiVz62oOAw=="
    },
    "node_modules/methods": {
      "version": "1.1.2",
      "resolved": "https://registry.npmjs.org/methods/-/methods-1.1.2.tgz",
      "integrity": "sha512-iclAHeNqxp8TT85Puz3Wpv+TPAVDm/1seTBm5SoT07rdpscN4J0tfK4dIZv/e6e3ZonjQKN6rKSs5kSagi9ODg==",
      "engines": {
        "node": ">= 0.6"
      }
    },
    "node_modules/mime": {
      "version": "1.6.0",
      "resolved": "https://registry.npmjs.org/mime/-/mime-1.6.0.tgz",
      "integrity": "sha512-x0Vn8spI+wuJ1O6S7gnbaQg8Pxh4NNHb7MuxyITl/NIrN/v6siQfnMyGv+d7RU2tMElvsBOwzDEyTzGjQcTEug==",
      "engines": {
        "node": ">=4"
      }
    },
    "node_modules/mime-db": {
      "version": "1.52.0",
      "resolved": "https://registry.npmjs.org/mime-db/-/mime-db-1.52.0.tgz",
      "integrity": "sha512-sPU4uV7dYlza+HwTPE4N0mAqsAlMjwj67vcAUrg/jA8lBLssvWkL+QAZxwYAPN8i6tgWH3C+eHKzSF/vK/06Bg==",
      "engines": {
        "node": ">= 0.6"
      }
    },
    "node_modules/mime-types": {
      "version": "2.1.35",
      "resolved": "https://registry.npmjs.org/mime-types/-/mime-types-2.1.35.tgz",
      "integrity": "sha512-ZDY+bPm5zTTF+YpCrAU9nK0UgICYPT0QtT1NZWFv4s++TNkcg3yTJG5JpOBiK2dwotAlJDARQhYEnXoIppZnJw==",
      "dependencies": {
        "mime-db": "1.52.0"
      },
      "engines": {
        "node": ">= 0.6"
      }
    },
    "node_modules/minimatch": {
      "version": "3.1.2",
      "resolved": "https://registry.npmjs.org/minimatch/-/minimatch-3.1.2.tgz",
      "integrity": "sha512-J7p63hRiAjw1NDEww1W7i37+ByIrOWO5XQQAzZ3VO/sc6yKTjavascript-auto-start.sh my-project-name s/+q+0oTMwvEs3CXtqcg+WhOqVwmHi9ac3IfvfomazX7oCrw==",
      "dev": true,
      "dependencies": {
        "brace-expansion": "^1.1.7"
      },
      "engines": {
        "node": "*"
      }
    },
    "node_modules/ms": {
      "version": "2.1.2",
      "resolved": "https://registry.npmjs.org/ms/-/ms-2.1.2.tgz",
      "integrity": "sha512-sGkPx+VjMtmA6MX27oA4FBFELFCZZ4S4XqeGOXCv68tT+An8d84/5IapCKHFFImIhVXgJed3uuqRg5Za7bA4gw=="
    },
    "node_modules/negotiator": {
      "version": "0.6.3",
      "resolved": "https://registry.npmjs.org/negotiator/-/negotiator-0.6.3.tgz",
      "integrity": "sha512-+EUsqGPLsM+j/zdChZjsnX51g4XrHFOIXwfn2w53SmAOlpdFEdAxD7mdGygnMFE/yLNcw4ueDbgzOFekeau/+Q==",
      "engines": {
        "node": ">= 0.6"
      }
    },
    "node_modules/nodemon": {
      "version": "3.1.0",
      "resolved": "https://registry.npmjs.org/nodemon/-/nodemon-3.1.0.tgz",
      "integrity": "sha512-5+Xms9bZl7p7V8Iu2f65QzSj6mS9zo0iTI8nPAzMLuSAlQ6652nS80m2O+jCrbx5eLdr2IcA39S3yN33s58AmA==",
      "dev": true,
      "dependencies": {
        "chokidar": "^3.5.2",
        "debug": "^4.3.4",
        "ignore-by-default": "^1.0.1",
        "minimatch": "^3.1.2",
        "pstree.remy": "^1.1.8",
        "semver": "^7.5.3",
        "simple-update-notifier": "^2.0.0",
        "supports-color": "^5.5.0",
        "touch": "^3.1.0",
        "undefsafe": "^2.0.5"
      },
      "bin": {
        "nodemon": "bin/nodemon.js"
      },
      "engines": {
        "node": ">=10"
      },
      "funding": {
        "type": "opencollective",
        "url": "https://opencollective.com/nodemon"
      }
    },
    "node_modules/nodemon/node_modules/supports-color": {
      "version": "5.5.0",
      "resolved": "https://registry.npmjs.org/supports-color/-/supports-color-5.5.0.tgz",
      "integrity": "sha512-QjVjwdXIt408MIiAqCX4oUKsgU2EkAGU0ciwKqrSj2
